
Microsoft Visual Studio Solution File, Format Version 12.00
# Visual Studio 14
VisualStudioVersion = 14.0.25420.1
MinimumVisualStudioVersion = 10.0.40219.1
Project("{FAE04EC0-301F-11D3-BF4B-00C04F79EFBC}") = "FamApp", "FamApp\FamApp\FamApp.csproj", "{BE045834-58B4-48BE-A494-05E0AC873905}"
EndProject
Project("{FAE04EC0-301F-11D3-BF4B-00C04F79EFBC}") = "FamApp.Droid", "FamApp\FamApp.Droid\FamApp.Droid.csproj", "{BC44D8D1-E72C-4A39-84FB-C9006B7954F1}"
EndProject
Project("{FAE04EC0-301F-11D3-BF4B-00C04F79EFBC}") = "FamApp.iOS", "FamApp\FamApp.iOS\FamApp.iOS.csproj", "{BCFAB079-30AA-40E5-BC49-928659B10DA2}"
EndProject
Project("{FAE04EC0-301F-11D3-BF4B-00C04F79EFBC}") = "FamApp.WinPhone", "FamApp\FamApp.WinPhone\FamApp.WinPhone.csproj", "{BF78E0C6-30BF-409D-B369-D18C11304B6D}"
EndProject
Project("{FAE04EC0-301F-11D3-BF4B-00C04F79EFBC}") = "FamApp.Windows", "FamApp\FamApp.Windows\FamApp.Windows.csproj", "{933E5551-15E8-4973-A077-0E9833B9B7C6}"
EndProject
Global
	GlobalSection(SolutionConfigurationPlatforms) = preSolution
		Ad-Hoc|Any CPU = Ad-Hoc|Any CPU
		Ad-Hoc|ARM = Ad-Hoc|ARM
		Ad-Hoc|iPhone = Ad-Hoc|iPhone
		Ad-Hoc|iPhoneSimulator = Ad-Hoc|iPhoneSimulator
		Ad-Hoc|x64 = Ad-Hoc|x64
		Ad-Hoc|x86 = Ad-Hoc|x86
		AppStore|Any CPU = AppStore|Any CPU
		AppStore|ARM = AppStore|ARM
		AppStore|iPhone = AppStore|iPhone
		AppStore|iPhoneSimulator = AppStore|iPhoneSimulator
		AppStore|x64 = AppStore|x64
		AppStore|x86 = AppStore|x86
		Debug|Any CPU = Debug|Any CPU
		Debug|ARM = Debug|ARM
		Debug|iPhone = Debug|iPhone
		Debug|iPhoneSimulator = Debug|iPhoneSimulator
		Debug|x64 = Debug|x64
		Debug|x86 = Debug|x86
		Release|Any CPU = Release|Any CPU
		Release|ARM = Release|ARM
		Release|iPhone = Release|iPhone
		Release|iPhoneSimulator = Release|iPhoneSimulator
		Release|x64 = Release|x64
		Release|x86 = Release|x86
	EndGlobalSection
	GlobalSection(ProjectConfigurationPlatforms) = postSolution
		{BE045834-58B4-48BE-A494-05E0AC873905}.Ad-Hoc|Any CPU.ActiveCfg = Release|Any CPU
		{BE045834-58B4-48BE-A494-05E0AC873905}.Ad-Hoc|Any CPU.Build.0 = Release|Any CPU
		{BE045834-58B4-48BE-A494-05E0AC873905}.Ad-Hoc|ARM.ActiveCfg = Release|Any CPU
		{BE045834-58B4-48BE-A494-05E0AC873905}.Ad-Hoc|ARM.Build.0 = Release|Any CPU
		{BE045834-58B4-48BE-A494-05E0AC873905}.Ad-Hoc|iPhone.ActiveCfg = Release|Any CPU
		{BE045834-58B4-48BE-A494-05E0AC873905}.Ad-Hoc|iPhone.Build.0 = Release|Any CPU
		{BE045834-58B4-48BE-A494-05E0AC873905}.Ad-Hoc|iPhoneSimulator.ActiveCfg = Release|Any CPU
		{BE045834-58B4-48BE-A494-05E0AC873905}.Ad-Hoc|iPhoneSimulator.Build.0 = Release|Any CPU
		{BE045834-58B4-48BE-A494-05E0AC873905}.Ad-Hoc|x64.ActiveCfg = Release|Any CPU
		{BE045834-58B4-48BE-A494-05E0AC873905}.Ad-Hoc|x64.Build.0 = Release|Any CPU
		{BE045834-58B4-48BE-A494-05E0AC873905}.Ad-Hoc|x86.ActiveCfg = Release|Any CPU
		{BE045834-58B4-48BE-A494-05E0AC873905}.Ad-Hoc|x86.Build.0 = Release|Any CPU
		{BE045834-58B4-48BE-A494-05E0AC873905}.AppStore|Any CPU.ActiveCfg = Release|Any CPU
		{BE045834-58B4-48BE-A494-05E0AC873905}.AppStore|Any CPU.Build.0 = Release|Any CPU
		{BE045834-58B4-48BE-A494-05E0AC873905}.AppStore|ARM.ActiveCfg = Release|Any CPU
		{BE045834-58B4-48BE-A494-05E0AC873905}.AppStore|ARM.Build.0 = Release|Any CPU
		{BE045834-58B4-48BE-A494-05E0AC873905}.AppStore|iPhone.ActiveCfg = Release|Any CPU
		{BE045834-58B4-48BE-A494-05E0AC873905}.AppStore|iPhone.Build.0 = Release|Any CPU
		{BE045834-58B4-48BE-A494-05E0AC873905}.AppStore|iPhoneSimulator.ActiveCfg = Release|Any CPU
		{BE045834-58B4-48BE-A494-05E0AC873905}.AppStore|iPhoneSimulator.Build.0 = Release|Any CPU
		{BE045834-58B4-48BE-A494-05E0AC873905}.AppStore|x64.ActiveCfg = Release|Any CPU
		{BE045834-58B4-48BE-A494-05E0AC873905}.AppStore|x64.Build.0 = Release|Any CPU
		{BE045834-58B4-48BE-A494-05E0AC873905}.AppStore|x86.ActiveCfg = Release|Any CPU
		{BE045834-58B4-48BE-A494-05E0AC873905}.AppStore|x86.Build.0 = Release|Any CPU
		{BE045834-58B4-48BE-A494-05E0AC873905}.Debug|Any CPU.ActiveCfg = Debug|Any CPU
		{BE045834-58B4-48BE-A494-05E0AC873905}.Debug|Any CPU.Build.0 = Debug|Any CPU
		{BE045834-58B4-48BE-A494-05E0AC873905}.Debug|ARM.ActiveCfg = Debug|Any CPU
		{BE045834-58B4-48BE-A494-05E0AC873905}.Debug|ARM.Build.0 = Debug|Any CPU
		{BE045834-58B4-48BE-A494-05E0AC873905}.Debug|iPhone.ActiveCfg = Debug|Any CPU
		{BE045834-58B4-48BE-A494-05E0AC873905}.Debug|iPhone.Build.0 = Debug|Any CPU
		{BE045834-58B4-48BE-A494-05E0AC873905}.Debug|iPhoneSimulator.ActiveCfg = Debug|Any CPU
		{BE045834-58B4-48BE-A494-05E0AC873905}.Debug|iPhoneSimulator.Build.0 = Debug|Any CPU
		{BE045834-58B4-48BE-A494-05E0AC873905}.Debug|x64.ActiveCfg = Debug|Any CPU
		{BE045834-58B4-48BE-A494-05E0AC873905}.Debug|x64.Build.0 = Debug|Any CPU
		{BE045834-58B4-48BE-A494-05E0AC873905}.Debug|x86.ActiveCfg = Debug|Any CPU
		{BE045834-58B4-48BE-A494-05E0AC873905}.Debug|x86.Build.0 = Debug|Any CPU
		{BE045834-58B4-48BE-A494-05E0AC873905}.Release|Any CPU.ActiveCfg = Release|Any CPU
		{BE045834-58B4-48BE-A494-05E0AC873905}.Release|Any CPU.Build.0 = Release|Any CPU
		{BE045834-58B4-48BE-A494-05E0AC873905}.Release|ARM.ActiveCfg = Release|Any CPU
		{BE045834-58B4-48BE-A494-05E0AC873905}.Release|ARM.Build.0 = Release|Any CPU
		{BE045834-58B4-48BE-A494-05E0AC873905}.Release|iPhone.ActiveCfg = Release|Any CPU
		{BE045834-58B4-48BE-A494-05E0AC873905}.Release|iPhone.Build.0 = Release|Any CPU
		{BE045834-58B4-48BE-A494-05E0AC873905}.Release|iPhoneSimulator.ActiveCfg = Release|Any CPU
		{BE045834-58B4-48BE-A494-05E0AC873905}.Release|iPhoneSimulator.Build.0 = Release|Any CPU
		{BE045834-58B4-48BE-A494-05E0AC873905}.Release|x64.ActiveCfg = Release|Any CPU
		{BE045834-58B4-48BE-A494-05E0AC873905}.Release|x64.Build.0 = Release|Any CPU
		{BE045834-58B4-48BE-A494-05E0AC873905}.Release|x86.ActiveCfg = Release|Any CPU
		{BE045834-58B4-48BE-A494-05E0AC873905}.Release|x86.Build.0 = Release|Any CPU
		{BC44D8D1-E72C-4A39-84FB-C9006B7954F1}.Ad-Hoc|Any CPU.ActiveCfg = Release|Any CPU
		{BC44D8D1-E72C-4A39-84FB-C9006B7954F1}.Ad-Hoc|Any CPU.Build.0 = Release|Any CPU
		{BC44D8D1-E72C-4A39-84FB-C9006B7954F1}.Ad-Hoc|Any CPU.Deploy.0 = Release|Any CPU
		{BC44D8D1-E72C-4A39-84FB-C9006B7954F1}.Ad-Hoc|ARM.ActiveCfg = Release|Any CPU
		{BC44D8D1-E72C-4A39-84FB-C9006B7954F1}.Ad-Hoc|ARM.Build.0 = Release|Any CPU
		{BC44D8D1-E72C-4A39-84FB-C9006B7954F1}.Ad-Hoc|ARM.Deploy.0 = Release|Any CPU
		{BC44D8D1-E72C-4A39-84FB-C9006B7954F1}.Ad-Hoc|iPhone.ActiveCfg = Release|Any CPU
		{BC44D8D1-E72C-4A39-84FB-C9006B7954F1}.Ad-Hoc|iPhone.Build.0 = Release|Any CPU
		{BC44D8D1-E72C-4A39-84FB-C9006B7954F1}.Ad-Hoc|iPhone.Deploy.0 = Release|Any CPU
		{BC44D8D1-E72C-4A39-84FB-C9006B7954F1}.Ad-Hoc|iPhoneSimulator.ActiveCfg = Release|Any CPU
		{BC44D8D1-E72C-4A39-84FB-C9006B7954F1}.Ad-Hoc|iPhoneSimulator.Build.0 = Release|Any CPU
		{BC44D8D1-E72C-4A39-84FB-C9006B7954F1}.Ad-Hoc|iPhoneSimulator.Deploy.0 = Release|Any CPU
		{BC44D8D1-E72C-4A39-84FB-C9006B7954F1}.Ad-Hoc|x64.ActiveCfg = Release|Any CPU
		{BC44D8D1-E72C-4A39-84FB-C9006B7954F1}.Ad-Hoc|x64.Build.0 = Release|Any CPU
		{BC44D8D1-E72C-4A39-84FB-C9006B7954F1}.Ad-Hoc|x64.Deploy.0 = Release|Any CPU
		{BC44D8D1-E72C-4A39-84FB-C9006B7954F1}.Ad-Hoc|x86.ActiveCfg = Release|Any CPU
		{BC44D8D1-E72C-4A39-84FB-C9006B7954F1}.Ad-Hoc|x86.Build.0 = Release|Any CPU
		{BC44D8D1-E72C-4A39-84FB-C9006B7954F1}.Ad-Hoc|x86.Deploy.0 = Release|Any CPU
		{BC44D8D1-E72C-4A39-84FB-C9006B7954F1}.AppStore|Any CPU.ActiveCfg = Release|Any CPU
		{BC44D8D1-E72C-4A39-84FB-C9006B7954F1}.AppStore|Any CPU.Build.0 = Release|Any CPU
		{BC44D8D1-E72C-4A39-84FB-C9006B7954F1}.AppStore|Any CPU.Deploy.0 = Release|Any CPU
		{BC44D8D1-E72C-4A39-84FB-C9006B7954F1}.AppStore|ARM.ActiveCfg = Release|Any CPU
		{BC44D8D1-E72C-4A39-84FB-C9006B7954F1}.AppStore|ARM.Build.0 = Release|Any CPU
		{BC44D8D1-E72C-4A39-84FB-C9006B7954F1}.AppStore|ARM.Deploy.0 = Release|Any CPU
		{BC44D8D1-E72C-4A39-84FB-C9006B7954F1}.AppStore|iPhone.ActiveCfg = Release|Any CPU
		{BC44D8D1-E72C-4A39-84FB-C9006B7954F1}.AppStore|iPhone.Build.0 = Release|Any CPU
		{BC44D8D1-E72C-4A39-84FB-C9006B7954F1}.AppStore|iPhone.Deploy.0 = Release|Any CPU
		{BC44D8D1-E72C-4A39-84FB-C9006B7954F1}.AppStore|iPhoneSimulator.ActiveCfg = Release|Any CPU
		{BC44D8D1-E72C-4A39-84FB-C9006B7954F1}.AppStore|iPhoneSimulator.Build.0 = Release|Any CPU
		{BC44D8D1-E72C-4A39-84FB-C9006B7954F1}.AppStore|iPhoneSimulator.Deploy.0 = Release|Any CPU
		{BC44D8D1-E72C-4A39-84FB-C9006B7954F1}.AppStore|x64.ActiveCfg = Release|Any CPU
		{BC44D8D1-E72C-4A39-84FB-C9006B7954F1}.AppStore|x64.Build.0 = Release|Any CPU
		{BC44D8D1-E72C-4A39-84FB-C9006B7954F1}.AppStore|x64.Deploy.0 = Release|Any CPU
		{BC44D8D1-E72C-4A39-84FB-C9006B7954F1}.AppStore|x86.ActiveCfg = Release|Any CPU
		{BC44D8D1-E72C-4A39-84FB-C9006B7954F1}.AppStore|x86.Build.0 = Release|Any CPU
		{BC44D8D1-E72C-4A39-84FB-C9006B7954F1}.AppStore|x86.Deploy.0 = Release|Any CPU
		{BC44D8D1-E72C-4A39-84FB-C9006B7954F1}.Debug|Any CPU.ActiveCfg = Debug|Any CPU
		{BC44D8D1-E72C-4A39-84FB-C9006B7954F1}.Debug|Any CPU.Build.0 = Debug|Any CPU
		{BC44D8D1-E72C-4A39-84FB-C9006B7954F1}.Debug|Any CPU.Deploy.0 = Debug|Any CPU
		{BC44D8D1-E72C-4A39-84FB-C9006B7954F1}.Debug|ARM.ActiveCfg = Debug|Any CPU
		{BC44D8D1-E72C-4A39-84FB-C9006B7954F1}.Debug|ARM.Build.0 = Debug|Any CPU
		{BC44D8D1-E72C-4A39-84FB-C9006B7954F1}.Debug|ARM.Deploy.0 = Debug|Any CPU
		{BC44D8D1-E72C-4A39-84FB-C9006B7954F1}.Debug|iPhone.ActiveCfg = Debug|Any CPU
		{BC44D8D1-E72C-4A39-84FB-C9006B7954F1}.Debug|iPhone.Build.0 = Debug|Any CPU
		{BC44D8D1-E72C-4A39-84FB-C9006B7954F1}.Debug|iPhone.Deploy.0 = Debug|Any CPU
		{BC44D8D1-E72C-4A39-84FB-C9006B7954F1}.Debug|iPhoneSimulator.ActiveCfg = Debug|Any CPU
		{BC44D8D1-E72C-4A39-84FB-C9006B7954F1}.Debug|iPhoneSimulator.Build.0 = Debug|Any CPU
		{BC44D8D1-E72C-4A39-84FB-C9006B7954F1}.Debug|iPhoneSimulator.Deploy.0 = Debug|Any CPU
		{BC44D8D1-E72C-4A39-84FB-C9006B7954F1}.Debug|x64.ActiveCfg = Debug|Any CPU
		{BC44D8D1-E72C-4A39-84FB-C9006B7954F1}.Debug|x64.Build.0 = Debug|Any CPU
		{BC44D8D1-E72C-4A39-84FB-C9006B7954F1}.Debug|x64.Deploy.0 = Debug|Any CPU
		{BC44D8D1-E72C-4A39-84FB-C9006B7954F1}.Debug|x86.ActiveCfg = Debug|Any CPU
		{BC44D8D1-E72C-4A39-84FB-C9006B7954F1}.Debug|x86.Build.0 = Debug|Any CPU
		{BC44D8D1-E72C-4A39-84FB-C9006B7954F1}.Debug|x86.Deploy.0 = Debug|Any CPU
		{BC44D8D1-E72C-4A39-84FB-C9006B7954F1}.Release|Any CPU.ActiveCfg = Release|Any CPU
		{BC44D8D1-E72C-4A39-84FB-C9006B7954F1}.Release|Any CPU.Build.0 = Release|Any CPU
		{BC44D8D1-E72C-4A39-84FB-C9006B7954F1}.Release|Any CPU.Deploy.0 = Release|Any CPU
		{BC44D8D1-E72C-4A39-84FB-C9006B7954F1}.Release|ARM.ActiveCfg = Release|Any CPU
		{BC44D8D1-E72C-4A39-84FB-C9006B7954F1}.Release|ARM.Build.0 = Release|Any CPU
		{BC44D8D1-E72C-4A39-84FB-C9006B7954F1}.Release|ARM.Deploy.0 = Release|Any CPU
		{BC44D8D1-E72C-4A39-84FB-C9006B7954F1}.Release|iPhone.ActiveCfg = Release|Any CPU
		{BC44D8D1-E72C-4A39-84FB-C9006B7954F1}.Release|iPhone.Build.0 = Release|Any CPU
		{BC44D8D1-E72C-4A39-84FB-C9006B7954F1}.Release|iPhone.Deploy.0 = Release|Any CPU
		{BC44D8D1-E72C-4A39-84FB-C9006B7954F1}.Release|iPhoneSimulator.ActiveCfg = Release|Any CPU
		{BC44D8D1-E72C-4A39-84FB-C9006B7954F1}.Release|iPhoneSimulator.Build.0 = Release|Any CPU
		{BC44D8D1-E72C-4A39-84FB-C9006B7954F1}.Release|iPhoneSimulator.Deploy.0 = Release|Any CPU
		{BC44D8D1-E72C-4A39-84FB-C9006B7954F1}.Release|x64.ActiveCfg = Release|Any CPU
		{BC44D8D1-E72C-4A39-84FB-C9006B7954F1}.Release|x64.Build.0 = Release|Any CPU
		{BC44D8D1-E72C-4A39-84FB-C9006B7954F1}.Release|x64.Deploy.0 = Release|Any CPU
		{BC44D8D1-E72C-4A39-84FB-C9006B7954F1}.Release|x86.ActiveCfg = Release|Any CPU
		{BC44D8D1-E72C-4A39-84FB-C9006B7954F1}.Release|x86.Build.0 = Release|Any CPU
		{BC44D8D1-E72C-4A39-84FB-C9006B7954F1}.Release|x86.Deploy.0 = Release|Any CPU
		{BCFAB079-30AA-40E5-BC49-928659B10DA2}.Ad-Hoc|Any CPU.ActiveCfg = Ad-Hoc|iPhone
		{BCFAB079-30AA-40E5-BC49-928659B10DA2}.Ad-Hoc|ARM.ActiveCfg = Ad-Hoc|iPhone
		{BCFAB079-30AA-40E5-BC49-928659B10DA2}.Ad-Hoc|iPhone.ActiveCfg = Ad-Hoc|iPhone
		{BCFAB079-30AA-40E5-BC49-928659B10DA2}.Ad-Hoc|iPhone.Build.0 = Ad-Hoc|iPhone
		{BCFAB079-30AA-40E5-BC49-928659B10DA2}.Ad-Hoc|iPhoneSimulator.ActiveCfg = Ad-Hoc|iPhoneSimulator
		{BCFAB079-30AA-40E5-BC49-928659B10DA2}.Ad-Hoc|iPhoneSimulator.Build.0 = Ad-Hoc|iPhoneSimulator
		{BCFAB079-30AA-40E5-BC49-928659B10DA2}.Ad-Hoc|x64.ActiveCfg = Ad-Hoc|iPhone
		{BCFAB079-30AA-40E5-BC49-928659B10DA2}.Ad-Hoc|x86.ActiveCfg = Ad-Hoc|iPhone
		{BCFAB079-30AA-40E5-BC49-928659B10DA2}.AppStore|Any CPU.ActiveCfg = AppStore|iPhone
		{BCFAB079-30AA-40E5-BC49-928659B10DA2}.AppStore|ARM.ActiveCfg = AppStore|iPhone
		{BCFAB079-30AA-40E5-BC49-928659B10DA2}.AppStore|iPhone.ActiveCfg = AppStore|iPhone
		{BCFAB079-30AA-40E5-BC49-928659B10DA2}.AppStore|iPhone.Build.0 = AppStore|iPhone
		{BCFAB079-30AA-40E5-BC49-928659B10DA2}.AppStore|iPhoneSimulator.ActiveCfg = AppStore|iPhoneSimulator
		{BCFAB079-30AA-40E5-BC49-928659B10DA2}.AppStore|iPhoneSimulator.Build.0 = AppStore|iPhoneSimulator
		{BCFAB079-30AA-40E5-BC49-928659B10DA2}.AppStore|x64.ActiveCfg = AppStore|iPhone
		{BCFAB079-30AA-40E5-BC49-928659B10DA2}.AppStore|x86.ActiveCfg = AppStore|iPhone
		{BCFAB079-30AA-40E5-BC49-928659B10DA2}.Debug|Any CPU.ActiveCfg = Debug|iPhone
		{BCFAB079-30AA-40E5-BC49-928659B10DA2}.Debug|ARM.ActiveCfg = Debug|iPhone
		{BCFAB079-30AA-40E5-BC49-928659B10DA2}.Debug|iPhone.ActiveCfg = Debug|iPhone
		{BCFAB079-30AA-40E5-BC49-928659B10DA2}.Debug|iPhone.Build.0 = Debug|iPhone
		{BCFAB079-30AA-40E5-BC49-928659B10DA2}.Debug|iPhoneSimulator.ActiveCfg = Debug|iPhoneSimulator
		{BCFAB079-30AA-40E5-BC49-928659B10DA2}.Debug|iPhoneSimulator.Build.0 = Debug|iPhoneSimulator
		{BCFAB079-30AA-40E5-BC49-928659B10DA2}.Debug|x64.ActiveCfg = Debug|iPhone
		{BCFAB079-30AA-40E5-BC49-928659B10DA2}.Debug|x86.ActiveCfg = Debug|iPhone
		{BCFAB079-30AA-40E5-BC49-928659B10DA2}.Release|Any CPU.ActiveCfg = Release|iPhone
		{BCFAB079-30AA-40E5-BC49-928659B10DA2}.Release|ARM.ActiveCfg = Release|iPhone
		{BCFAB079-30AA-40E5-BC49-928659B10DA2}.Release|iPhone.ActiveCfg = Release|iPhone
		{BCFAB079-30AA-40E5-BC49-928659B10DA2}.Release|iPhone.Build.0 = Release|iPhone
		{BCFAB079-30AA-40E5-BC49-928659B10DA2}.Release|iPhoneSimulator.ActiveCfg = Release|iPhoneSimulator
		{BCFAB079-30AA-40E5-BC49-928659B10DA2}.Release|iPhoneSimulator.Build.0 = Release|iPhoneSimulator
		{BCFAB079-30AA-40E5-BC49-928659B10DA2}.Release|x64.ActiveCfg = Release|iPhone
		{BCFAB079-30AA-40E5-BC49-928659B10DA2}.Release|x86.ActiveCfg = Release|iPhone
		{BF78E0C6-30BF-409D-B369-D18C11304B6D}.Ad-Hoc|Any CPU.ActiveCfg = Release|Any CPU
		{BF78E0C6-30BF-409D-B369-D18C11304B6D}.Ad-Hoc|Any CPU.Build.0 = Release|Any CPU
		{BF78E0C6-30BF-409D-B369-D18C11304B6D}.Ad-Hoc|Any CPU.Deploy.0 = Release|Any CPU
		{BF78E0C6-30BF-409D-B369-D18C11304B6D}.Ad-Hoc|ARM.ActiveCfg = Release|ARM
		{BF78E0C6-30BF-409D-B369-D18C11304B6D}.Ad-Hoc|ARM.Build.0 = Release|ARM
		{BF78E0C6-30BF-409D-B369-D18C11304B6D}.Ad-Hoc|ARM.Deploy.0 = Release|ARM
		{BF78E0C6-30BF-409D-B369-D18C11304B6D}.Ad-Hoc|iPhone.ActiveCfg = Release|Any CPU
		{BF78E0C6-30BF-409D-B369-D18C11304B6D}.Ad-Hoc|iPhone.Build.0 = Release|Any CPU
		{BF78E0C6-30BF-409D-B369-D18C11304B6D}.Ad-Hoc|iPhone.Deploy.0 = Release|Any CPU
		{BF78E0C6-30BF-409D-B369-D18C11304B6D}.Ad-Hoc|iPhoneSimulator.ActiveCfg = Release|Any CPU
		{BF78E0C6-30BF-409D-B369-D18C11304B6D}.Ad-Hoc|iPhoneSimulator.Build.0 = Release|Any CPU
		{BF78E0C6-30BF-409D-B369-D18C11304B6D}.Ad-Hoc|iPhoneSimulator.Deploy.0 = Release|Any CPU
		{BF78E0C6-30BF-409D-B369-D18C11304B6D}.Ad-Hoc|x64.ActiveCfg = Release|Any CPU
		{BF78E0C6-30BF-409D-B369-D18C11304B6D}.Ad-Hoc|x64.Build.0 = Release|Any CPU
		{BF78E0C6-30BF-409D-B369-D18C11304B6D}.Ad-Hoc|x64.Deploy.0 = Release|Any CPU
		{BF78E0C6-30BF-409D-B369-D18C11304B6D}.Ad-Hoc|x86.ActiveCfg = Release|x86
		{BF78E0C6-30BF-409D-B369-D18C11304B6D}.Ad-Hoc|x86.Build.0 = Release|x86
		{BF78E0C6-30BF-409D-B369-D18C11304B6D}.Ad-Hoc|x86.Deploy.0 = Release|x86
		{BF78E0C6-30BF-409D-B369-D18C11304B6D}.AppStore|Any CPU.ActiveCfg = Release|Any CPU
		{BF78E0C6-30BF-409D-B369-D18C11304B6D}.AppStore|Any CPU.Build.0 = Release|Any CPU
		{BF78E0C6-30BF-409D-B369-D18C11304B6D}.AppStore|Any CPU.Deploy.0 = Release|Any CPU
		{BF78E0C6-30BF-409D-B369-D18C11304B6D}.AppStore|ARM.ActiveCfg = Release|ARM
		{BF78E0C6-30BF-409D-B369-D18C11304B6D}.AppStore|ARM.Build.0 = Release|ARM
		{BF78E0C6-30BF-409D-B369-D18C11304B6D}.AppStore|ARM.Deploy.0 = Release|ARM
		{BF78E0C6-30BF-409D-B369-D18C11304B6D}.AppStore|iPhone.ActiveCfg = Release|Any CPU
		{BF78E0C6-30BF-409D-B369-D18C11304B6D}.AppStore|iPhone.Build.0 = Release|Any CPU
		{BF78E0C6-30BF-409D-B369-D18C11304B6D}.AppStore|iPhone.Deploy.0 = Release|Any CPU
		{BF78E0C6-30BF-409D-B369-D18C11304B6D}.AppStore|iPhoneSimulator.ActiveCfg = Release|Any CPU
		{BF78E0C6-30BF-409D-B369-D18C11304B6D}.AppStore|iPhoneSimulator.Build.0 = Release|Any CPU
		{BF78E0C6-30BF-409D-B369-D18C11304B6D}.AppStore|iPhoneSimulator.Deploy.0 = Release|Any CPU
		{BF78E0C6-30BF-409D-B369-D18C11304B6D}.AppStore|x64.ActiveCfg = Release|Any CPU
		{BF78E0C6-30BF-409D-B369-D18C11304B6D}.AppStore|x64.Build.0 = Release|Any CPU
		{BF78E0C6-30BF-409D-B369-D18C11304B6D}.AppStore|x64.Deploy.0 = Release|Any CPU
		{BF78E0C6-30BF-409D-B369-D18C11304B6D}.AppStore|x86.ActiveCfg = Release|x86
		{BF78E0C6-30BF-409D-B369-D18C11304B6D}.AppStore|x86.Build.0 = Release|x86
		{BF78E0C6-30BF-409D-B369-D18C11304B6D}.AppStore|x86.Deploy.0 = Release|x86
		{BF78E0C6-30BF-409D-B369-D18C11304B6D}.Debug|Any CPU.ActiveCfg = Debug|Any CPU
		{BF78E0C6-30BF-409D-B369-D18C11304B6D}.Debug|Any CPU.Build.0 = Debug|Any CPU
		{BF78E0C6-30BF-409D-B369-D18C11304B6D}.Debug|Any CPU.Deploy.0 = Debug|Any CPU
		{BF78E0C6-30BF-409D-B369-D18C11304B6D}.Debug|ARM.ActiveCfg = Debug|ARM
		{BF78E0C6-30BF-409D-B369-D18C11304B6D}.Debug|ARM.Build.0 = Debug|ARM
		{BF78E0C6-30BF-409D-B369-D18C11304B6D}.Debug|ARM.Deploy.0 = Debug|ARM
		{BF78E0C6-30BF-409D-B369-D18C11304B6D}.Debug|iPhone.ActiveCfg = Debug|Any CPU
		{BF78E0C6-30BF-409D-B369-D18C11304B6D}.Debug|iPhone.Build.0 = Debug|Any CPU
		{BF78E0C6-30BF-409D-B369-D18C11304B6D}.Debug|iPhone.Deploy.0 = Debug|Any CPU
		{BF78E0C6-30BF-409D-B369-D18C11304B6D}.Debug|iPhoneSimulator.ActiveCfg = Debug|Any CPU
		{BF78E0C6-30BF-409D-B369-D18C11304B6D}.Debug|iPhoneSimulator.Build.0 = Debug|Any CPU
		{BF78E0C6-30BF-409D-B369-D18C11304B6D}.Debug|iPhoneSimulator.Deploy.0 = Debug|Any CPU
		{BF78E0C6-30BF-409D-B369-D18C11304B6D}.Debug|x64.ActiveCfg = Debug|Any CPU
		{BF78E0C6-30BF-409D-B369-D18C11304B6D}.Debug|x64.Build.0 = Debug|Any CPU
		{BF78E0C6-30BF-409D-B369-D18C11304B6D}.Debug|x64.Deploy.0 = Debug|Any CPU
		{BF78E0C6-30BF-409D-B369-D18C11304B6D}.Debug|x86.ActiveCfg = Debug|x86
		{BF78E0C6-30BF-409D-B369-D18C11304B6D}.Debug|x86.Build.0 = Debug|x86
		{BF78E0C6-30BF-409D-B369-D18C11304B6D}.Debug|x86.Deploy.0 = Debug|x86
		{BF78E0C6-30BF-409D-B369-D18C11304B6D}.Release|Any CPU.ActiveCfg = Release|Any CPU
		{BF78E0C6-30BF-409D-B369-D18C11304B6D}.Release|Any CPU.Build.0 = Release|Any CPU
		{BF78E0C6-30BF-409D-B369-D18C11304B6D}.Release|Any CPU.Deploy.0 = Release|Any CPU
		{BF78E0C6-30BF-409D-B369-D18C11304B6D}.Release|ARM.ActiveCfg = Release|ARM
		{BF78E0C6-30BF-409D-B369-D18C11304B6D}.Release|ARM.Build.0 = Release|ARM
		{BF78E0C6-30BF-409D-B369-D18C11304B6D}.Release|ARM.Deploy.0 = Release|ARM
		{BF78E0C6-30BF-409D-B369-D18C11304B6D}.Release|iPhone.ActiveCfg = Release|Any CPU
		{BF78E0C6-30BF-409D-B369-D18C11304B6D}.Release|iPhone.Build.0 = Release|Any CPU
		{BF78E0C6-30BF-409D-B369-D18C11304B6D}.Release|iPhone.Deploy.0 = Release|Any CPU
		{BF78E0C6-30BF-409D-B369-D18C11304B6D}.Release|iPhoneSimulator.ActiveCfg = Release|Any CPU
		{BF78E0C6-30BF-409D-B369-D18C11304B6D}.Release|iPhoneSimulator.Build.0 = Release|Any CPU
		{BF78E0C6-30BF-409D-B369-D18C11304B6D}.Release|iPhoneSimulator.Deploy.0 = Release|Any CPU
		{BF78E0C6-30BF-409D-B369-D18C11304B6D}.Release|x64.ActiveCfg = Release|Any CPU
		{BF78E0C6-30BF-409D-B369-D18C11304B6D}.Release|x64.Build.0 = Release|Any CPU
		{BF78E0C6-30BF-409D-B369-D18C11304B6D}.Release|x64.Deploy.0 = Release|Any CPU
		{BF78E0C6-30BF-409D-B369-D18C11304B6D}.Release|x86.ActiveCfg = Release|x86
		{BF78E0C6-30BF-409D-B369-D18C11304B6D}.Release|x86.Build.0 = Release|x86
		{BF78E0C6-30BF-409D-B369-D18C11304B6D}.Release|x86.Deploy.0 = Release|x86
		{933E5551-15E8-4973-A077-0E9833B9B7C6}.Ad-Hoc|Any CPU.ActiveCfg = Release|Any CPU
		{933E5551-15E8-4973-A077-0E9833B9B7C6}.Ad-Hoc|Any CPU.Build.0 = Release|Any CPU
		{933E5551-15E8-4973-A077-0E9833B9B7C6}.Ad-Hoc|Any CPU.Deploy.0 = Release|Any CPU
		{933E5551-15E8-4973-A077-0E9833B9B7C6}.Ad-Hoc|ARM.ActiveCfg = Release|ARM
		{933E5551-15E8-4973-A077-0E9833B9B7C6}.Ad-Hoc|ARM.Build.0 = Release|ARM
		{933E5551-15E8-4973-A077-0E9833B9B7C6}.Ad-Hoc|ARM.Deploy.0 = Release|ARM
		{933E5551-15E8-4973-A077-0E9833B9B7C6}.Ad-Hoc|iPhone.ActiveCfg = Release|Any CPU
		{933E5551-15E8-4973-A077-0E9833B9B7C6}.Ad-Hoc|iPhone.Build.0 = Release|Any CPU
		{933E5551-15E8-4973-A077-0E9833B9B7C6}.Ad-Hoc|iPhone.Deploy.0 = Release|Any CPU
		{933E5551-15E8-4973-A077-0E9833B9B7C6}.Ad-Hoc|iPhoneSimulator.ActiveCfg = Release|Any CPU
		{933E5551-15E8-4973-A077-0E9833B9B7C6}.Ad-Hoc|iPhoneSimulator.Build.0 = Release|Any CPU
		{933E5551-15E8-4973-A077-0E9833B9B7C6}.Ad-Hoc|iPhoneSimulator.Deploy.0 = Release|Any CPU
		{933E5551-15E8-4973-A077-0E9833B9B7C6}.Ad-Hoc|x64.ActiveCfg = Release|x64
		{933E5551-15E8-4973-A077-0E9833B9B7C6}.Ad-Hoc|x64.Build.0 = Release|x64
		{933E5551-15E8-4973-A077-0E9833B9B7C6}.Ad-Hoc|x64.Deploy.0 = Release|x64
		{933E5551-15E8-4973-A077-0E9833B9B7C6}.Ad-Hoc|x86.ActiveCfg = Release|x86
		{933E5551-15E8-4973-A077-0E9833B9B7C6}.Ad-Hoc|x86.Build.0 = Release|x86
		{933E5551-15E8-4973-A077-0E9833B9B7C6}.Ad-Hoc|x86.Deploy.0 = Release|x86
		{933E5551-15E8-4973-A077-0E9833B9B7C6}.AppStore|Any CPU.ActiveCfg = Release|Any CPU
		{933E5551-15E8-4973-A077-0E9833B9B7C6}.AppStore|Any CPU.Build.0 = Release|Any CPU
		{933E5551-15E8-4973-A077-0E9833B9B7C6}.AppStore|Any CPU.Deploy.0 = Release|Any CPU
		{933E5551-15E8-4973-A077-0E9833B9B7C6}.AppStore|ARM.ActiveCfg = Release|ARM
		{933E5551-15E8-4973-A077-0E9833B9B7C6}.AppStore|ARM.Build.0 = Release|ARM
		{933E5551-15E8-4973-A077-0E9833B9B7C6}.AppStore|ARM.Deploy.0 = Release|ARM
		{933E5551-15E8-4973-A077-0E9833B9B7C6}.AppStore|iPhone.ActiveCfg = Release|Any CPU
		{933E5551-15E8-4973-A077-0E9833B9B7C6}.AppStore|iPhone.Build.0 = Release|Any CPU
		{933E5551-15E8-4973-A077-0E9833B9B7C6}.AppStore|iPhone.Deploy.0 = Release|Any CPU
		{933E5551-15E8-4973-A077-0E9833B9B7C6}.AppStore|iPhoneSimulator.ActiveCfg = Release|Any CPU
		{933E5551-15E8-4973-A077-0E9833B9B7C6}.AppStore|iPhoneSimulator.Build.0 = Release|Any CPU
		{933E5551-15E8-4973-A077-0E9833B9B7C6}.AppStore|iPhoneSimulator.Deploy.0 = Release|Any CPU
		{933E5551-15E8-4973-A077-0E9833B9B7C6}.AppStore|x64.ActiveCfg = Release|x64
		{933E5551-15E8-4973-A077-0E9833B9B7C6}.AppStore|x64.Build.0 = Release|x64
		{933E5551-15E8-4973-A077-0E9833B9B7C6}.AppStore|x64.Deploy.0 = Release|x64
		{933E5551-15E8-4973-A077-0E9833B9B7C6}.AppStore|x86.ActiveCfg = Release|x86
		{933E5551-15E8-4973-A077-0E9833B9B7C6}.AppStore|x86.Build.0 = Release|x86
		{933E5551-15E8-4973-A077-0E9833B9B7C6}.AppStore|x86.Deploy.0 = Release|x86
		{933E5551-15E8-4973-A077-0E9833B9B7C6}.Debug|Any CPU.ActiveCfg = Debug|Any CPU
		{933E5551-15E8-4973-A077-0E9833B9B7C6}.Debug|Any CPU.Build.0 = Debug|Any CPU
		{933E5551-15E8-4973-A077-0E9833B9B7C6}.Debug|Any CPU.Deploy.0 = Debug|Any CPU
		{933E5551-15E8-4973-A077-0E9833B9B7C6}.Debug|ARM.ActiveCfg = Debug|ARM
		{933E5551-15E8-4973-A077-0E9833B9B7C6}.Debug|ARM.Build.0 = Debug|ARM
		{933E5551-15E8-4973-A077-0E9833B9B7C6}.Debug|ARM.Deploy.0 = Debug|ARM
		{933E5551-15E8-4973-A077-0E9833B9B7C6}.Debug|iPhone.ActiveCfg = Debug|Any CPU
		{933E5551-15E8-4973-A077-0E9833B9B7C6}.Debug|iPhone.Build.0 = Debug|Any CPU
		{933E5551-15E8-4973-A077-0E9833B9B7C6}.Debug|iPhone.Deploy.0 = Debug|Any CPU
		{933E5551-15E8-4973-A077-0E9833B9B7C6}.Debug|iPhoneSimulator.ActiveCfg = Debug|Any CPU
		{933E5551-15E8-4973-A077-0E9833B9B7C6}.Debug|iPhoneSimulator.Build.0 = Debug|Any CPU
		{933E5551-15E8-4973-A077-0E9833B9B7C6}.Debug|iPhoneSimulator.Deploy.0 = Debug|Any CPU
		{933E5551-15E8-4973-A077-0E9833B9B7C6}.Debug|x64.ActiveCfg = Debug|x64
		{933E5551-15E8-4973-A077-0E9833B9B7C6}.Debug|x64.Build.0 = Debug|x64
		{933E5551-15E8-4973-A077-0E9833B9B7C6}.Debug|x64.Deploy.0 = Debug|x64
		{933E5551-15E8-4973-A077-0E9833B9B7C6}.Debug|x86.ActiveCfg = Debug|x86
		{933E5551-15E8-4973-A077-0E9833B9B7C6}.Debug|x86.Build.0 = Debug|x86
		{933E5551-15E8-4973-A077-0E9833B9B7C6}.Debug|x86.Deploy.0 = Debug|x86
		{933E5551-15E8-4973-A077-0E9833B9B7C6}.Release|Any CPU.ActiveCfg = Release|Any CPU
		{933E5551-15E8-4973-A077-0E9833B9B7C6}.Release|Any CPU.Build.0 = Release|Any CPU
		{933E5551-15E8-4973-A077-0E9833B9B7C6}.Release|Any CPU.Deploy.0 = Release|Any CPU
		{933E5551-15E8-4973-A077-0E9833B9B7C6}.Release|ARM.ActiveCfg = Release|ARM
		{933E5551-15E8-4973-A077-0E9833B9B7C6}.Release|ARM.Build.0 = Release|ARM
		{933E5551-15E8-4973-A077-0E9833B9B7C6}.Release|ARM.Deploy.0 = Release|ARM
		{933E5551-15E8-4973-A077-0E9833B9B7C6}.Release|iPhone.ActiveCfg = Release|Any CPU
		{933E5551-15E8-4973-A077-0E9833B9B7C6}.Release|iPhone.Build.0 = Release|Any CPU
		{933E5551-15E8-4973-A077-0E9833B9B7C6}.Release|iPhone.Deploy.0 = Release|Any CPU
		{933E5551-15E8-4973-A077-0E9833B9B7C6}.Release|iPhoneSimulator.ActiveCfg = Release|Any CPU
		{933E5551-15E8-4973-A077-0E9833B9B7C6}.Release|iPhoneSimulator.Build.0 = Release|Any CPU
		{933E5551-15E8-4973-A077-0E9833B9B7C6}.Release|iPhoneSimulator.Deploy.0 = Release|Any CPU
		{933E5551-15E8-4973-A077-0E9833B9B7C6}.Release|x64.ActiveCfg = Release|x64
		{933E5551-15E8-4973-A077-0E9833B9B7C6}.Release|x64.Build.0 = Release|x64
		{933E5551-15E8-4973-A077-0E9833B9B7C6}.Release|x64.Deploy.0 = Release|x64
		{933E5551-15E8-4973-A077-0E9833B9B7C6}.Release|x86.ActiveCfg = Release|x86
		{933E5551-15E8-4973-A077-0E9833B9B7C6}.Release|x86.Build.0 = Release|x86
		{933E5551-15E8-4973-A077-0E9833B9B7C6}.Release|x86.Deploy.0 = Release|x86
	EndGlobalSection
	GlobalSection(SolutionProperties) = preSolution
		HideSolutionNode = FALSE
	EndGlobalSection
EndGlobal
