
Microsoft Visual Studio Solution File, Format Version 12.00
# Visual Studio 14
VisualStudioVersion = 14.0.25420.1
MinimumVisualStudioVersion = 10.0.40219.1
Project("{FAE04EC0-301F-11D3-BF4B-00C04F79EFBC}") = "HelloXam", "HelloXam\HelloXam\HelloXam.csproj", "{49431508-3832-4229-9273-E432757E18EF}"
EndProject
Project("{FAE04EC0-301F-11D3-BF4B-00C04F79EFBC}") = "HelloXam.Droid", "HelloXam\HelloXam.Droid\HelloXam.Droid.csproj", "{88CB731F-30C7-45E7-86A0-9302242B6023}"
EndProject
Project("{FAE04EC0-301F-11D3-BF4B-00C04F79EFBC}") = "HelloXam.iOS", "HelloXam\HelloXam.iOS\HelloXam.iOS.csproj", "{A321ED08-ADFD-429A-BEE6-0FE3D6A45FA0}"
EndProject
Project("{FAE04EC0-301F-11D3-BF4B-00C04F79EFBC}") = "HelloXam.WinPhone", "HelloXam\HelloXam.WinPhone\HelloXam.WinPhone.csproj", "{CD0B5066-A768-460F-BF76-8013D0618DE1}"
EndProject
Project("{FAE04EC0-301F-11D3-BF4B-00C04F79EFBC}") = "HelloXam.Windows", "HelloXam\HelloXam.Windows\HelloXam.Windows.csproj", "{982B0916-8945-456D-9B1F-39CF602A32DA}"
EndProject
Global
	GlobalSection(SolutionConfigurationPlatforms) = preSolution
		Ad-Hoc|Any CPU = Ad-Hoc|Any CPU
		Ad-Hoc|ARM = Ad-Hoc|ARM
		Ad-Hoc|iPhone = Ad-Hoc|iPhone
		Ad-Hoc|iPhoneSimulator = Ad-Hoc|iPhoneSimulator
		Ad-Hoc|x64 = Ad-Hoc|x64
		Ad-Hoc|x86 = Ad-Hoc|x86
		AppStore|Any CPU = AppStore|Any CPU
		AppStore|ARM = AppStore|ARM
		AppStore|iPhone = AppStore|iPhone
		AppStore|iPhoneSimulator = AppStore|iPhoneSimulator
		AppStore|x64 = AppStore|x64
		AppStore|x86 = AppStore|x86
		Debug|Any CPU = Debug|Any CPU
		Debug|ARM = Debug|ARM
		Debug|iPhone = Debug|iPhone
		Debug|iPhoneSimulator = Debug|iPhoneSimulator
		Debug|x64 = Debug|x64
		Debug|x86 = Debug|x86
		Release|Any CPU = Release|Any CPU
		Release|ARM = Release|ARM
		Release|iPhone = Release|iPhone
		Release|iPhoneSimulator = Release|iPhoneSimulator
		Release|x64 = Release|x64
		Release|x86 = Release|x86
	EndGlobalSection
	GlobalSection(ProjectConfigurationPlatforms) = postSolution
		{49431508-3832-4229-9273-E432757E18EF}.Ad-Hoc|Any CPU.ActiveCfg = Release|Any CPU
		{49431508-3832-4229-9273-E432757E18EF}.Ad-Hoc|Any CPU.Build.0 = Release|Any CPU
		{49431508-3832-4229-9273-E432757E18EF}.Ad-Hoc|ARM.ActiveCfg = Release|Any CPU
		{49431508-3832-4229-9273-E432757E18EF}.Ad-Hoc|ARM.Build.0 = Release|Any CPU
		{49431508-3832-4229-9273-E432757E18EF}.Ad-Hoc|iPhone.ActiveCfg = Release|Any CPU
		{49431508-3832-4229-9273-E432757E18EF}.Ad-Hoc|iPhone.Build.0 = Release|Any CPU
		{49431508-3832-4229-9273-E432757E18EF}.Ad-Hoc|iPhoneSimulator.ActiveCfg = Release|Any CPU
		{49431508-3832-4229-9273-E432757E18EF}.Ad-Hoc|iPhoneSimulator.Build.0 = Release|Any CPU
		{49431508-3832-4229-9273-E432757E18EF}.Ad-Hoc|x64.ActiveCfg = Release|Any CPU
		{49431508-3832-4229-9273-E432757E18EF}.Ad-Hoc|x64.Build.0 = Release|Any CPU
		{49431508-3832-4229-9273-E432757E18EF}.Ad-Hoc|x86.ActiveCfg = Release|Any CPU
		{49431508-3832-4229-9273-E432757E18EF}.Ad-Hoc|x86.Build.0 = Release|Any CPU
		{49431508-3832-4229-9273-E432757E18EF}.AppStore|Any CPU.ActiveCfg = Release|Any CPU
		{49431508-3832-4229-9273-E432757E18EF}.AppStore|Any CPU.Build.0 = Release|Any CPU
		{49431508-3832-4229-9273-E432757E18EF}.AppStore|ARM.ActiveCfg = Release|Any CPU
		{49431508-3832-4229-9273-E432757E18EF}.AppStore|ARM.Build.0 = Release|Any CPU
		{49431508-3832-4229-9273-E432757E18EF}.AppStore|iPhone.ActiveCfg = Release|Any CPU
		{49431508-3832-4229-9273-E432757E18EF}.AppStore|iPhone.Build.0 = Release|Any CPU
		{49431508-3832-4229-9273-E432757E18EF}.AppStore|iPhoneSimulator.ActiveCfg = Release|Any CPU
		{49431508-3832-4229-9273-E432757E18EF}.AppStore|iPhoneSimulator.Build.0 = Release|Any CPU
		{49431508-3832-4229-9273-E432757E18EF}.AppStore|x64.ActiveCfg = Release|Any CPU
		{49431508-3832-4229-9273-E432757E18EF}.AppStore|x64.Build.0 = Release|Any CPU
		{49431508-3832-4229-9273-E432757E18EF}.AppStore|x86.ActiveCfg = Release|Any CPU
		{49431508-3832-4229-9273-E432757E18EF}.AppStore|x86.Build.0 = Release|Any CPU
		{49431508-3832-4229-9273-E432757E18EF}.Debug|Any CPU.ActiveCfg = Debug|Any CPU
		{49431508-3832-4229-9273-E432757E18EF}.Debug|Any CPU.Build.0 = Debug|Any CPU
		{49431508-3832-4229-9273-E432757E18EF}.Debug|ARM.ActiveCfg = Debug|Any CPU
		{49431508-3832-4229-9273-E432757E18EF}.Debug|ARM.Build.0 = Debug|Any CPU
		{49431508-3832-4229-9273-E432757E18EF}.Debug|iPhone.ActiveCfg = Debug|Any CPU
		{49431508-3832-4229-9273-E432757E18EF}.Debug|iPhone.Build.0 = Debug|Any CPU
		{49431508-3832-4229-9273-E432757E18EF}.Debug|iPhoneSimulator.ActiveCfg = Debug|Any CPU
		{49431508-3832-4229-9273-E432757E18EF}.Debug|iPhoneSimulator.Build.0 = Debug|Any CPU
		{49431508-3832-4229-9273-E432757E18EF}.Debug|x64.ActiveCfg = Debug|Any CPU
		{49431508-3832-4229-9273-E432757E18EF}.Debug|x64.Build.0 = Debug|Any CPU
		{49431508-3832-4229-9273-E432757E18EF}.Debug|x86.ActiveCfg = Debug|Any CPU
		{49431508-3832-4229-9273-E432757E18EF}.Debug|x86.Build.0 = Debug|Any CPU
		{49431508-3832-4229-9273-E432757E18EF}.Release|Any CPU.ActiveCfg = Release|Any CPU
		{49431508-3832-4229-9273-E432757E18EF}.Release|Any CPU.Build.0 = Release|Any CPU
		{49431508-3832-4229-9273-E432757E18EF}.Release|ARM.ActiveCfg = Release|Any CPU
		{49431508-3832-4229-9273-E432757E18EF}.Release|ARM.Build.0 = Release|Any CPU
		{49431508-3832-4229-9273-E432757E18EF}.Release|iPhone.ActiveCfg = Release|Any CPU
		{49431508-3832-4229-9273-E432757E18EF}.Release|iPhone.Build.0 = Release|Any CPU
		{49431508-3832-4229-9273-E432757E18EF}.Release|iPhoneSimulator.ActiveCfg = Release|Any CPU
		{49431508-3832-4229-9273-E432757E18EF}.Release|iPhoneSimulator.Build.0 = Release|Any CPU
		{49431508-3832-4229-9273-E432757E18EF}.Release|x64.ActiveCfg = Release|Any CPU
		{49431508-3832-4229-9273-E432757E18EF}.Release|x64.Build.0 = Release|Any CPU
		{49431508-3832-4229-9273-E432757E18EF}.Release|x86.ActiveCfg = Release|Any CPU
		{49431508-3832-4229-9273-E432757E18EF}.Release|x86.Build.0 = Release|Any CPU
		{88CB731F-30C7-45E7-86A0-9302242B6023}.Ad-Hoc|Any CPU.ActiveCfg = Release|Any CPU
		{88CB731F-30C7-45E7-86A0-9302242B6023}.Ad-Hoc|Any CPU.Build.0 = Release|Any CPU
		{88CB731F-30C7-45E7-86A0-9302242B6023}.Ad-Hoc|Any CPU.Deploy.0 = Release|Any CPU
		{88CB731F-30C7-45E7-86A0-9302242B6023}.Ad-Hoc|ARM.ActiveCfg = Release|Any CPU
		{88CB731F-30C7-45E7-86A0-9302242B6023}.Ad-Hoc|ARM.Build.0 = Release|Any CPU
		{88CB731F-30C7-45E7-86A0-9302242B6023}.Ad-Hoc|ARM.Deploy.0 = Release|Any CPU
		{88CB731F-30C7-45E7-86A0-9302242B6023}.Ad-Hoc|iPhone.ActiveCfg = Release|Any CPU
		{88CB731F-30C7-45E7-86A0-9302242B6023}.Ad-Hoc|iPhone.Build.0 = Release|Any CPU
		{88CB731F-30C7-45E7-86A0-9302242B6023}.Ad-Hoc|iPhone.Deploy.0 = Release|Any CPU
		{88CB731F-30C7-45E7-86A0-9302242B6023}.Ad-Hoc|iPhoneSimulator.ActiveCfg = Release|Any CPU
		{88CB731F-30C7-45E7-86A0-9302242B6023}.Ad-Hoc|iPhoneSimulator.Build.0 = Release|Any CPU
		{88CB731F-30C7-45E7-86A0-9302242B6023}.Ad-Hoc|iPhoneSimulator.Deploy.0 = Release|Any CPU
		{88CB731F-30C7-45E7-86A0-9302242B6023}.Ad-Hoc|x64.ActiveCfg = Release|Any CPU
		{88CB731F-30C7-45E7-86A0-9302242B6023}.Ad-Hoc|x64.Build.0 = Release|Any CPU
		{88CB731F-30C7-45E7-86A0-9302242B6023}.Ad-Hoc|x64.Deploy.0 = Release|Any CPU
		{88CB731F-30C7-45E7-86A0-9302242B6023}.Ad-Hoc|x86.ActiveCfg = Release|Any CPU
		{88CB731F-30C7-45E7-86A0-9302242B6023}.Ad-Hoc|x86.Build.0 = Release|Any CPU
		{88CB731F-30C7-45E7-86A0-9302242B6023}.Ad-Hoc|x86.Deploy.0 = Release|Any CPU
		{88CB731F-30C7-45E7-86A0-9302242B6023}.AppStore|Any CPU.ActiveCfg = Release|Any CPU
		{88CB731F-30C7-45E7-86A0-9302242B6023}.AppStore|Any CPU.Build.0 = Release|Any CPU
		{88CB731F-30C7-45E7-86A0-9302242B6023}.AppStore|Any CPU.Deploy.0 = Release|Any CPU
		{88CB731F-30C7-45E7-86A0-9302242B6023}.AppStore|ARM.ActiveCfg = Release|Any CPU
		{88CB731F-30C7-45E7-86A0-9302242B6023}.AppStore|ARM.Build.0 = Release|Any CPU
		{88CB731F-30C7-45E7-86A0-9302242B6023}.AppStore|ARM.Deploy.0 = Release|Any CPU
		{88CB731F-30C7-45E7-86A0-9302242B6023}.AppStore|iPhone.ActiveCfg = Release|Any CPU
		{88CB731F-30C7-45E7-86A0-9302242B6023}.AppStore|iPhone.Build.0 = Release|Any CPU
		{88CB731F-30C7-45E7-86A0-9302242B6023}.AppStore|iPhone.Deploy.0 = Release|Any CPU
		{88CB731F-30C7-45E7-86A0-9302242B6023}.AppStore|iPhoneSimulator.ActiveCfg = Release|Any CPU
		{88CB731F-30C7-45E7-86A0-9302242B6023}.AppStore|iPhoneSimulator.Build.0 = Release|Any CPU
		{88CB731F-30C7-45E7-86A0-9302242B6023}.AppStore|iPhoneSimulator.Deploy.0 = Release|Any CPU
		{88CB731F-30C7-45E7-86A0-9302242B6023}.AppStore|x64.ActiveCfg = Release|Any CPU
		{88CB731F-30C7-45E7-86A0-9302242B6023}.AppStore|x64.Build.0 = Release|Any CPU
		{88CB731F-30C7-45E7-86A0-9302242B6023}.AppStore|x64.Deploy.0 = Release|Any CPU
		{88CB731F-30C7-45E7-86A0-9302242B6023}.AppStore|x86.ActiveCfg = Release|Any CPU
		{88CB731F-30C7-45E7-86A0-9302242B6023}.AppStore|x86.Build.0 = Release|Any CPU
		{88CB731F-30C7-45E7-86A0-9302242B6023}.AppStore|x86.Deploy.0 = Release|Any CPU
		{88CB731F-30C7-45E7-86A0-9302242B6023}.Debug|Any CPU.ActiveCfg = Debug|Any CPU
		{88CB731F-30C7-45E7-86A0-9302242B6023}.Debug|Any CPU.Build.0 = Debug|Any CPU
		{88CB731F-30C7-45E7-86A0-9302242B6023}.Debug|Any CPU.Deploy.0 = Debug|Any CPU
		{88CB731F-30C7-45E7-86A0-9302242B6023}.Debug|ARM.ActiveCfg = Debug|Any CPU
		{88CB731F-30C7-45E7-86A0-9302242B6023}.Debug|ARM.Build.0 = Debug|Any CPU
		{88CB731F-30C7-45E7-86A0-9302242B6023}.Debug|ARM.Deploy.0 = Debug|Any CPU
		{88CB731F-30C7-45E7-86A0-9302242B6023}.Debug|iPhone.ActiveCfg = Debug|Any CPU
		{88CB731F-30C7-45E7-86A0-9302242B6023}.Debug|iPhone.Build.0 = Debug|Any CPU
		{88CB731F-30C7-45E7-86A0-9302242B6023}.Debug|iPhone.Deploy.0 = Debug|Any CPU
		{88CB731F-30C7-45E7-86A0-9302242B6023}.Debug|iPhoneSimulator.ActiveCfg = Debug|Any CPU
		{88CB731F-30C7-45E7-86A0-9302242B6023}.Debug|iPhoneSimulator.Build.0 = Debug|Any CPU
		{88CB731F-30C7-45E7-86A0-9302242B6023}.Debug|iPhoneSimulator.Deploy.0 = Debug|Any CPU
		{88CB731F-30C7-45E7-86A0-9302242B6023}.Debug|x64.ActiveCfg = Debug|Any CPU
		{88CB731F-30C7-45E7-86A0-9302242B6023}.Debug|x64.Build.0 = Debug|Any CPU
		{88CB731F-30C7-45E7-86A0-9302242B6023}.Debug|x64.Deploy.0 = Debug|Any CPU
		{88CB731F-30C7-45E7-86A0-9302242B6023}.Debug|x86.ActiveCfg = Debug|Any CPU
		{88CB731F-30C7-45E7-86A0-9302242B6023}.Debug|x86.Build.0 = Debug|Any CPU
		{88CB731F-30C7-45E7-86A0-9302242B6023}.Debug|x86.Deploy.0 = Debug|Any CPU
		{88CB731F-30C7-45E7-86A0-9302242B6023}.Release|Any CPU.ActiveCfg = Release|Any CPU
		{88CB731F-30C7-45E7-86A0-9302242B6023}.Release|Any CPU.Build.0 = Release|Any CPU
		{88CB731F-30C7-45E7-86A0-9302242B6023}.Release|Any CPU.Deploy.0 = Release|Any CPU
		{88CB731F-30C7-45E7-86A0-9302242B6023}.Release|ARM.ActiveCfg = Release|Any CPU
		{88CB731F-30C7-45E7-86A0-9302242B6023}.Release|ARM.Build.0 = Release|Any CPU
		{88CB731F-30C7-45E7-86A0-9302242B6023}.Release|ARM.Deploy.0 = Release|Any CPU
		{88CB731F-30C7-45E7-86A0-9302242B6023}.Release|iPhone.ActiveCfg = Release|Any CPU
		{88CB731F-30C7-45E7-86A0-9302242B6023}.Release|iPhone.Build.0 = Release|Any CPU
		{88CB731F-30C7-45E7-86A0-9302242B6023}.Release|iPhone.Deploy.0 = Release|Any CPU
		{88CB731F-30C7-45E7-86A0-9302242B6023}.Release|iPhoneSimulator.ActiveCfg = Release|Any CPU
		{88CB731F-30C7-45E7-86A0-9302242B6023}.Release|iPhoneSimulator.Build.0 = Release|Any CPU
		{88CB731F-30C7-45E7-86A0-9302242B6023}.Release|iPhoneSimulator.Deploy.0 = Release|Any CPU
		{88CB731F-30C7-45E7-86A0-9302242B6023}.Release|x64.ActiveCfg = Release|Any CPU
		{88CB731F-30C7-45E7-86A0-9302242B6023}.Release|x64.Build.0 = Release|Any CPU
		{88CB731F-30C7-45E7-86A0-9302242B6023}.Release|x64.Deploy.0 = Release|Any CPU
		{88CB731F-30C7-45E7-86A0-9302242B6023}.Release|x86.ActiveCfg = Release|Any CPU
		{88CB731F-30C7-45E7-86A0-9302242B6023}.Release|x86.Build.0 = Release|Any CPU
		{88CB731F-30C7-45E7-86A0-9302242B6023}.Release|x86.Deploy.0 = Release|Any CPU
		{A321ED08-ADFD-429A-BEE6-0FE3D6A45FA0}.Ad-Hoc|Any CPU.ActiveCfg = Ad-Hoc|iPhone
		{A321ED08-ADFD-429A-BEE6-0FE3D6A45FA0}.Ad-Hoc|ARM.ActiveCfg = Ad-Hoc|iPhone
		{A321ED08-ADFD-429A-BEE6-0FE3D6A45FA0}.Ad-Hoc|iPhone.ActiveCfg = Ad-Hoc|iPhone
		{A321ED08-ADFD-429A-BEE6-0FE3D6A45FA0}.Ad-Hoc|iPhone.Build.0 = Ad-Hoc|iPhone
		{A321ED08-ADFD-429A-BEE6-0FE3D6A45FA0}.Ad-Hoc|iPhoneSimulator.ActiveCfg = Ad-Hoc|iPhoneSimulator
		{A321ED08-ADFD-429A-BEE6-0FE3D6A45FA0}.Ad-Hoc|iPhoneSimulator.Build.0 = Ad-Hoc|iPhoneSimulator
		{A321ED08-ADFD-429A-BEE6-0FE3D6A45FA0}.Ad-Hoc|x64.ActiveCfg = Ad-Hoc|iPhone
		{A321ED08-ADFD-429A-BEE6-0FE3D6A45FA0}.Ad-Hoc|x86.ActiveCfg = Ad-Hoc|iPhone
		{A321ED08-ADFD-429A-BEE6-0FE3D6A45FA0}.AppStore|Any CPU.ActiveCfg = AppStore|iPhone
		{A321ED08-ADFD-429A-BEE6-0FE3D6A45FA0}.AppStore|ARM.ActiveCfg = AppStore|iPhone
		{A321ED08-ADFD-429A-BEE6-0FE3D6A45FA0}.AppStore|iPhone.ActiveCfg = AppStore|iPhone
		{A321ED08-ADFD-429A-BEE6-0FE3D6A45FA0}.AppStore|iPhone.Build.0 = AppStore|iPhone
		{A321ED08-ADFD-429A-BEE6-0FE3D6A45FA0}.AppStore|iPhoneSimulator.ActiveCfg = AppStore|iPhoneSimulator
		{A321ED08-ADFD-429A-BEE6-0FE3D6A45FA0}.AppStore|iPhoneSimulator.Build.0 = AppStore|iPhoneSimulator
		{A321ED08-ADFD-429A-BEE6-0FE3D6A45FA0}.AppStore|x64.ActiveCfg = AppStore|iPhone
		{A321ED08-ADFD-429A-BEE6-0FE3D6A45FA0}.AppStore|x86.ActiveCfg = AppStore|iPhone
		{A321ED08-ADFD-429A-BEE6-0FE3D6A45FA0}.Debug|Any CPU.ActiveCfg = Debug|iPhone
		{A321ED08-ADFD-429A-BEE6-0FE3D6A45FA0}.Debug|ARM.ActiveCfg = Debug|iPhone
		{A321ED08-ADFD-429A-BEE6-0FE3D6A45FA0}.Debug|iPhone.ActiveCfg = Debug|iPhone
		{A321ED08-ADFD-429A-BEE6-0FE3D6A45FA0}.Debug|iPhone.Build.0 = Debug|iPhone
		{A321ED08-ADFD-429A-BEE6-0FE3D6A45FA0}.Debug|iPhoneSimulator.ActiveCfg = Debug|iPhoneSimulator
		{A321ED08-ADFD-429A-BEE6-0FE3D6A45FA0}.Debug|iPhoneSimulator.Build.0 = Debug|iPhoneSimulator
		{A321ED08-ADFD-429A-BEE6-0FE3D6A45FA0}.Debug|x64.ActiveCfg = Debug|iPhone
		{A321ED08-ADFD-429A-BEE6-0FE3D6A45FA0}.Debug|x86.ActiveCfg = Debug|iPhone
		{A321ED08-ADFD-429A-BEE6-0FE3D6A45FA0}.Release|Any CPU.ActiveCfg = Release|iPhone
		{A321ED08-ADFD-429A-BEE6-0FE3D6A45FA0}.Release|ARM.ActiveCfg = Release|iPhone
		{A321ED08-ADFD-429A-BEE6-0FE3D6A45FA0}.Release|iPhone.ActiveCfg = Release|iPhone
		{A321ED08-ADFD-429A-BEE6-0FE3D6A45FA0}.Release|iPhone.Build.0 = Release|iPhone
		{A321ED08-ADFD-429A-BEE6-0FE3D6A45FA0}.Release|iPhoneSimulator.ActiveCfg = Release|iPhoneSimulator
		{A321ED08-ADFD-429A-BEE6-0FE3D6A45FA0}.Release|iPhoneSimulator.Build.0 = Release|iPhoneSimulator
		{A321ED08-ADFD-429A-BEE6-0FE3D6A45FA0}.Release|x64.ActiveCfg = Release|iPhone
		{A321ED08-ADFD-429A-BEE6-0FE3D6A45FA0}.Release|x86.ActiveCfg = Release|iPhone
		{CD0B5066-A768-460F-BF76-8013D0618DE1}.Ad-Hoc|Any CPU.ActiveCfg = Release|Any CPU
		{CD0B5066-A768-460F-BF76-8013D0618DE1}.Ad-Hoc|Any CPU.Build.0 = Release|Any CPU
		{CD0B5066-A768-460F-BF76-8013D0618DE1}.Ad-Hoc|Any CPU.Deploy.0 = Release|Any CPU
		{CD0B5066-A768-460F-BF76-8013D0618DE1}.Ad-Hoc|ARM.ActiveCfg = Release|ARM
		{CD0B5066-A768-460F-BF76-8013D0618DE1}.Ad-Hoc|ARM.Build.0 = Release|ARM
		{CD0B5066-A768-460F-BF76-8013D0618DE1}.Ad-Hoc|ARM.Deploy.0 = Release|ARM
		{CD0B5066-A768-460F-BF76-8013D0618DE1}.Ad-Hoc|iPhone.ActiveCfg = Release|Any CPU
		{CD0B5066-A768-460F-BF76-8013D0618DE1}.Ad-Hoc|iPhone.Build.0 = Release|Any CPU
		{CD0B5066-A768-460F-BF76-8013D0618DE1}.Ad-Hoc|iPhone.Deploy.0 = Release|Any CPU
		{CD0B5066-A768-460F-BF76-8013D0618DE1}.Ad-Hoc|iPhoneSimulator.ActiveCfg = Release|Any CPU
		{CD0B5066-A768-460F-BF76-8013D0618DE1}.Ad-Hoc|iPhoneSimulator.Build.0 = Release|Any CPU
		{CD0B5066-A768-460F-BF76-8013D0618DE1}.Ad-Hoc|iPhoneSimulator.Deploy.0 = Release|Any CPU
		{CD0B5066-A768-460F-BF76-8013D0618DE1}.Ad-Hoc|x64.ActiveCfg = Release|Any CPU
		{CD0B5066-A768-460F-BF76-8013D0618DE1}.Ad-Hoc|x64.Build.0 = Release|Any CPU
		{CD0B5066-A768-460F-BF76-8013D0618DE1}.Ad-Hoc|x64.Deploy.0 = Release|Any CPU
		{CD0B5066-A768-460F-BF76-8013D0618DE1}.Ad-Hoc|x86.ActiveCfg = Release|x86
		{CD0B5066-A768-460F-BF76-8013D0618DE1}.Ad-Hoc|x86.Build.0 = Release|x86
		{CD0B5066-A768-460F-BF76-8013D0618DE1}.Ad-Hoc|x86.Deploy.0 = Release|x86
		{CD0B5066-A768-460F-BF76-8013D0618DE1}.AppStore|Any CPU.ActiveCfg = Release|Any CPU
		{CD0B5066-A768-460F-BF76-8013D0618DE1}.AppStore|Any CPU.Build.0 = Release|Any CPU
		{CD0B5066-A768-460F-BF76-8013D0618DE1}.AppStore|Any CPU.Deploy.0 = Release|Any CPU
		{CD0B5066-A768-460F-BF76-8013D0618DE1}.AppStore|ARM.ActiveCfg = Release|ARM
		{CD0B5066-A768-460F-BF76-8013D0618DE1}.AppStore|ARM.Build.0 = Release|ARM
		{CD0B5066-A768-460F-BF76-8013D0618DE1}.AppStore|ARM.Deploy.0 = Release|ARM
		{CD0B5066-A768-460F-BF76-8013D0618DE1}.AppStore|iPhone.ActiveCfg = Release|Any CPU
		{CD0B5066-A768-460F-BF76-8013D0618DE1}.AppStore|iPhone.Build.0 = Release|Any CPU
		{CD0B5066-A768-460F-BF76-8013D0618DE1}.AppStore|iPhone.Deploy.0 = Release|Any CPU
		{CD0B5066-A768-460F-BF76-8013D0618DE1}.AppStore|iPhoneSimulator.ActiveCfg = Release|Any CPU
		{CD0B5066-A768-460F-BF76-8013D0618DE1}.AppStore|iPhoneSimulator.Build.0 = Release|Any CPU
		{CD0B5066-A768-460F-BF76-8013D0618DE1}.AppStore|iPhoneSimulator.Deploy.0 = Release|Any CPU
		{CD0B5066-A768-460F-BF76-8013D0618DE1}.AppStore|x64.ActiveCfg = Release|Any CPU
		{CD0B5066-A768-460F-BF76-8013D0618DE1}.AppStore|x64.Build.0 = Release|Any CPU
		{CD0B5066-A768-460F-BF76-8013D0618DE1}.AppStore|x64.Deploy.0 = Release|Any CPU
		{CD0B5066-A768-460F-BF76-8013D0618DE1}.AppStore|x86.ActiveCfg = Release|x86
		{CD0B5066-A768-460F-BF76-8013D0618DE1}.AppStore|x86.Build.0 = Release|x86
		{CD0B5066-A768-460F-BF76-8013D0618DE1}.AppStore|x86.Deploy.0 = Release|x86
		{CD0B5066-A768-460F-BF76-8013D0618DE1}.Debug|Any CPU.ActiveCfg = Debug|Any CPU
		{CD0B5066-A768-460F-BF76-8013D0618DE1}.Debug|Any CPU.Build.0 = Debug|Any CPU
		{CD0B5066-A768-460F-BF76-8013D0618DE1}.Debug|Any CPU.Deploy.0 = Debug|Any CPU
		{CD0B5066-A768-460F-BF76-8013D0618DE1}.Debug|ARM.ActiveCfg = Debug|ARM
		{CD0B5066-A768-460F-BF76-8013D0618DE1}.Debug|ARM.Build.0 = Debug|ARM
		{CD0B5066-A768-460F-BF76-8013D0618DE1}.Debug|ARM.Deploy.0 = Debug|ARM
		{CD0B5066-A768-460F-BF76-8013D0618DE1}.Debug|iPhone.ActiveCfg = Debug|Any CPU
		{CD0B5066-A768-460F-BF76-8013D0618DE1}.Debug|iPhone.Build.0 = Debug|Any CPU
		{CD0B5066-A768-460F-BF76-8013D0618DE1}.Debug|iPhone.Deploy.0 = Debug|Any CPU
		{CD0B5066-A768-460F-BF76-8013D0618DE1}.Debug|iPhoneSimulator.ActiveCfg = Debug|Any CPU
		{CD0B5066-A768-460F-BF76-8013D0618DE1}.Debug|iPhoneSimulator.Build.0 = Debug|Any CPU
		{CD0B5066-A768-460F-BF76-8013D0618DE1}.Debug|iPhoneSimulator.Deploy.0 = Debug|Any CPU
		{CD0B5066-A768-460F-BF76-8013D0618DE1}.Debug|x64.ActiveCfg = Debug|Any CPU
		{CD0B5066-A768-460F-BF76-8013D0618DE1}.Debug|x64.Build.0 = Debug|Any CPU
		{CD0B5066-A768-460F-BF76-8013D0618DE1}.Debug|x64.Deploy.0 = Debug|Any CPU
		{CD0B5066-A768-460F-BF76-8013D0618DE1}.Debug|x86.ActiveCfg = Debug|x86
		{CD0B5066-A768-460F-BF76-8013D0618DE1}.Debug|x86.Build.0 = Debug|x86
		{CD0B5066-A768-460F-BF76-8013D0618DE1}.Debug|x86.Deploy.0 = Debug|x86
		{CD0B5066-A768-460F-BF76-8013D0618DE1}.Release|Any CPU.ActiveCfg = Release|Any CPU
		{CD0B5066-A768-460F-BF76-8013D0618DE1}.Release|Any CPU.Build.0 = Release|Any CPU
		{CD0B5066-A768-460F-BF76-8013D0618DE1}.Release|Any CPU.Deploy.0 = Release|Any CPU
		{CD0B5066-A768-460F-BF76-8013D0618DE1}.Release|ARM.ActiveCfg = Release|ARM
		{CD0B5066-A768-460F-BF76-8013D0618DE1}.Release|ARM.Build.0 = Release|ARM
		{CD0B5066-A768-460F-BF76-8013D0618DE1}.Release|ARM.Deploy.0 = Release|ARM
		{CD0B5066-A768-460F-BF76-8013D0618DE1}.Release|iPhone.ActiveCfg = Release|Any CPU
		{CD0B5066-A768-460F-BF76-8013D0618DE1}.Release|iPhone.Build.0 = Release|Any CPU
		{CD0B5066-A768-460F-BF76-8013D0618DE1}.Release|iPhone.Deploy.0 = Release|Any CPU
		{CD0B5066-A768-460F-BF76-8013D0618DE1}.Release|iPhoneSimulator.ActiveCfg = Release|Any CPU
		{CD0B5066-A768-460F-BF76-8013D0618DE1}.Release|iPhoneSimulator.Build.0 = Release|Any CPU
		{CD0B5066-A768-460F-BF76-8013D0618DE1}.Release|iPhoneSimulator.Deploy.0 = Release|Any CPU
		{CD0B5066-A768-460F-BF76-8013D0618DE1}.Release|x64.ActiveCfg = Release|Any CPU
		{CD0B5066-A768-460F-BF76-8013D0618DE1}.Release|x64.Build.0 = Release|Any CPU
		{CD0B5066-A768-460F-BF76-8013D0618DE1}.Release|x64.Deploy.0 = Release|Any CPU
		{CD0B5066-A768-460F-BF76-8013D0618DE1}.Release|x86.ActiveCfg = Release|x86
		{CD0B5066-A768-460F-BF76-8013D0618DE1}.Release|x86.Build.0 = Release|x86
		{CD0B5066-A768-460F-BF76-8013D0618DE1}.Release|x86.Deploy.0 = Release|x86
		{982B0916-8945-456D-9B1F-39CF602A32DA}.Ad-Hoc|Any CPU.ActiveCfg = Release|Any CPU
		{982B0916-8945-456D-9B1F-39CF602A32DA}.Ad-Hoc|Any CPU.Build.0 = Release|Any CPU
		{982B0916-8945-456D-9B1F-39CF602A32DA}.Ad-Hoc|Any CPU.Deploy.0 = Release|Any CPU
		{982B0916-8945-456D-9B1F-39CF602A32DA}.Ad-Hoc|ARM.ActiveCfg = Release|ARM
		{982B0916-8945-456D-9B1F-39CF602A32DA}.Ad-Hoc|ARM.Build.0 = Release|ARM
		{982B0916-8945-456D-9B1F-39CF602A32DA}.Ad-Hoc|ARM.Deploy.0 = Release|ARM
		{982B0916-8945-456D-9B1F-39CF602A32DA}.Ad-Hoc|iPhone.ActiveCfg = Release|Any CPU
		{982B0916-8945-456D-9B1F-39CF602A32DA}.Ad-Hoc|iPhone.Build.0 = Release|Any CPU
		{982B0916-8945-456D-9B1F-39CF602A32DA}.Ad-Hoc|iPhone.Deploy.0 = Release|Any CPU
		{982B0916-8945-456D-9B1F-39CF602A32DA}.Ad-Hoc|iPhoneSimulator.ActiveCfg = Release|Any CPU
		{982B0916-8945-456D-9B1F-39CF602A32DA}.Ad-Hoc|iPhoneSimulator.Build.0 = Release|Any CPU
		{982B0916-8945-456D-9B1F-39CF602A32DA}.Ad-Hoc|iPhoneSimulator.Deploy.0 = Release|Any CPU
		{982B0916-8945-456D-9B1F-39CF602A32DA}.Ad-Hoc|x64.ActiveCfg = Release|x64
		{982B0916-8945-456D-9B1F-39CF602A32DA}.Ad-Hoc|x64.Build.0 = Release|x64
		{982B0916-8945-456D-9B1F-39CF602A32DA}.Ad-Hoc|x64.Deploy.0 = Release|x64
		{982B0916-8945-456D-9B1F-39CF602A32DA}.Ad-Hoc|x86.ActiveCfg = Release|x86
		{982B0916-8945-456D-9B1F-39CF602A32DA}.Ad-Hoc|x86.Build.0 = Release|x86
		{982B0916-8945-456D-9B1F-39CF602A32DA}.Ad-Hoc|x86.Deploy.0 = Release|x86
		{982B0916-8945-456D-9B1F-39CF602A32DA}.AppStore|Any CPU.ActiveCfg = Release|Any CPU
		{982B0916-8945-456D-9B1F-39CF602A32DA}.AppStore|Any CPU.Build.0 = Release|Any CPU
		{982B0916-8945-456D-9B1F-39CF602A32DA}.AppStore|Any CPU.Deploy.0 = Release|Any CPU
		{982B0916-8945-456D-9B1F-39CF602A32DA}.AppStore|ARM.ActiveCfg = Release|ARM
		{982B0916-8945-456D-9B1F-39CF602A32DA}.AppStore|ARM.Build.0 = Release|ARM
		{982B0916-8945-456D-9B1F-39CF602A32DA}.AppStore|ARM.Deploy.0 = Release|ARM
		{982B0916-8945-456D-9B1F-39CF602A32DA}.AppStore|iPhone.ActiveCfg = Release|Any CPU
		{982B0916-8945-456D-9B1F-39CF602A32DA}.AppStore|iPhone.Build.0 = Release|Any CPU
		{982B0916-8945-456D-9B1F-39CF602A32DA}.AppStore|iPhone.Deploy.0 = Release|Any CPU
		{982B0916-8945-456D-9B1F-39CF602A32DA}.AppStore|iPhoneSimulator.ActiveCfg = Release|Any CPU
		{982B0916-8945-456D-9B1F-39CF602A32DA}.AppStore|iPhoneSimulator.Build.0 = Release|Any CPU
		{982B0916-8945-456D-9B1F-39CF602A32DA}.AppStore|iPhoneSimulator.Deploy.0 = Release|Any CPU
		{982B0916-8945-456D-9B1F-39CF602A32DA}.AppStore|x64.ActiveCfg = Release|x64
		{982B0916-8945-456D-9B1F-39CF602A32DA}.AppStore|x64.Build.0 = Release|x64
		{982B0916-8945-456D-9B1F-39CF602A32DA}.AppStore|x64.Deploy.0 = Release|x64
		{982B0916-8945-456D-9B1F-39CF602A32DA}.AppStore|x86.ActiveCfg = Release|x86
		{982B0916-8945-456D-9B1F-39CF602A32DA}.AppStore|x86.Build.0 = Release|x86
		{982B0916-8945-456D-9B1F-39CF602A32DA}.AppStore|x86.Deploy.0 = Release|x86
		{982B0916-8945-456D-9B1F-39CF602A32DA}.Debug|Any CPU.ActiveCfg = Debug|Any CPU
		{982B0916-8945-456D-9B1F-39CF602A32DA}.Debug|Any CPU.Build.0 = Debug|Any CPU
		{982B0916-8945-456D-9B1F-39CF602A32DA}.Debug|Any CPU.Deploy.0 = Debug|Any CPU
		{982B0916-8945-456D-9B1F-39CF602A32DA}.Debug|ARM.ActiveCfg = Debug|ARM
		{982B0916-8945-456D-9B1F-39CF602A32DA}.Debug|ARM.Build.0 = Debug|ARM
		{982B0916-8945-456D-9B1F-39CF602A32DA}.Debug|ARM.Deploy.0 = Debug|ARM
		{982B0916-8945-456D-9B1F-39CF602A32DA}.Debug|iPhone.ActiveCfg = Debug|Any CPU
		{982B0916-8945-456D-9B1F-39CF602A32DA}.Debug|iPhone.Build.0 = Debug|Any CPU
		{982B0916-8945-456D-9B1F-39CF602A32DA}.Debug|iPhone.Deploy.0 = Debug|Any CPU
		{982B0916-8945-456D-9B1F-39CF602A32DA}.Debug|iPhoneSimulator.ActiveCfg = Debug|Any CPU
		{982B0916-8945-456D-9B1F-39CF602A32DA}.Debug|iPhoneSimulator.Build.0 = Debug|Any CPU
		{982B0916-8945-456D-9B1F-39CF602A32DA}.Debug|iPhoneSimulator.Deploy.0 = Debug|Any CPU
		{982B0916-8945-456D-9B1F-39CF602A32DA}.Debug|x64.ActiveCfg = Debug|x64
		{982B0916-8945-456D-9B1F-39CF602A32DA}.Debug|x64.Build.0 = Debug|x64
		{982B0916-8945-456D-9B1F-39CF602A32DA}.Debug|x64.Deploy.0 = Debug|x64
		{982B0916-8945-456D-9B1F-39CF602A32DA}.Debug|x86.ActiveCfg = Debug|x86
		{982B0916-8945-456D-9B1F-39CF602A32DA}.Debug|x86.Build.0 = Debug|x86
		{982B0916-8945-456D-9B1F-39CF602A32DA}.Debug|x86.Deploy.0 = Debug|x86
		{982B0916-8945-456D-9B1F-39CF602A32DA}.Release|Any CPU.ActiveCfg = Release|Any CPU
		{982B0916-8945-456D-9B1F-39CF602A32DA}.Release|Any CPU.Build.0 = Release|Any CPU
		{982B0916-8945-456D-9B1F-39CF602A32DA}.Release|Any CPU.Deploy.0 = Release|Any CPU
		{982B0916-8945-456D-9B1F-39CF602A32DA}.Release|ARM.ActiveCfg = Release|ARM
		{982B0916-8945-456D-9B1F-39CF602A32DA}.Release|ARM.Build.0 = Release|ARM
		{982B0916-8945-456D-9B1F-39CF602A32DA}.Release|ARM.Deploy.0 = Release|ARM
		{982B0916-8945-456D-9B1F-39CF602A32DA}.Release|iPhone.ActiveCfg = Release|Any CPU
		{982B0916-8945-456D-9B1F-39CF602A32DA}.Release|iPhone.Build.0 = Release|Any CPU
		{982B0916-8945-456D-9B1F-39CF602A32DA}.Release|iPhone.Deploy.0 = Release|Any CPU
		{982B0916-8945-456D-9B1F-39CF602A32DA}.Release|iPhoneSimulator.ActiveCfg = Release|Any CPU
		{982B0916-8945-456D-9B1F-39CF602A32DA}.Release|iPhoneSimulator.Build.0 = Release|Any CPU
		{982B0916-8945-456D-9B1F-39CF602A32DA}.Release|iPhoneSimulator.Deploy.0 = Release|Any CPU
		{982B0916-8945-456D-9B1F-39CF602A32DA}.Release|x64.ActiveCfg = Release|x64
		{982B0916-8945-456D-9B1F-39CF602A32DA}.Release|x64.Build.0 = Release|x64
		{982B0916-8945-456D-9B1F-39CF602A32DA}.Release|x64.Deploy.0 = Release|x64
		{982B0916-8945-456D-9B1F-39CF602A32DA}.Release|x86.ActiveCfg = Release|x86
		{982B0916-8945-456D-9B1F-39CF602A32DA}.Release|x86.Build.0 = Release|x86
		{982B0916-8945-456D-9B1F-39CF602A32DA}.Release|x86.Deploy.0 = Release|x86
	EndGlobalSection
	GlobalSection(SolutionProperties) = preSolution
		HideSolutionNode = FALSE
	EndGlobalSection
EndGlobal
