
Microsoft Visual Studio Solution File, Format Version 12.00
# Visual Studio 14
VisualStudioVersion = 14.0.25420.1
MinimumVisualStudioVersion = 10.0.40219.1
Project("{FAE04EC0-301F-11D3-BF4B-00C04F79EFBC}") = "App1", "App1\App1\App1.csproj", "{51B4EC72-0E6D-420A-8157-B9C0FD883F61}"
EndProject
Project("{FAE04EC0-301F-11D3-BF4B-00C04F79EFBC}") = "App1.Droid", "App1\App1.Droid\App1.Droid.csproj", "{4EB6C224-A6C4-4E0C-A95A-C458D3CA881F}"
EndProject
Project("{FAE04EC0-301F-11D3-BF4B-00C04F79EFBC}") = "App1.iOS", "App1\App1.iOS\App1.iOS.csproj", "{774B568B-E3C4-40B4-BC59-3CBC9057B7B5}"
EndProject
Project("{FAE04EC0-301F-11D3-BF4B-00C04F79EFBC}") = "App1.WinPhone", "App1\App1.WinPhone\App1.WinPhone.csproj", "{B1532D12-8985-48A8-84D5-DBDDF34910CE}"
EndProject
Project("{FAE04EC0-301F-11D3-BF4B-00C04F79EFBC}") = "App1.Windows", "App1\App1.Windows\App1.Windows.csproj", "{73EEE2C5-7B82-413D-8CB8-EC776A6A33F2}"
EndProject
Global
	GlobalSection(SolutionConfigurationPlatforms) = preSolution
		Ad-Hoc|Any CPU = Ad-Hoc|Any CPU
		Ad-Hoc|ARM = Ad-Hoc|ARM
		Ad-Hoc|iPhone = Ad-Hoc|iPhone
		Ad-Hoc|iPhoneSimulator = Ad-Hoc|iPhoneSimulator
		Ad-Hoc|x64 = Ad-Hoc|x64
		Ad-Hoc|x86 = Ad-Hoc|x86
		AppStore|Any CPU = AppStore|Any CPU
		AppStore|ARM = AppStore|ARM
		AppStore|iPhone = AppStore|iPhone
		AppStore|iPhoneSimulator = AppStore|iPhoneSimulator
		AppStore|x64 = AppStore|x64
		AppStore|x86 = AppStore|x86
		Debug|Any CPU = Debug|Any CPU
		Debug|ARM = Debug|ARM
		Debug|iPhone = Debug|iPhone
		Debug|iPhoneSimulator = Debug|iPhoneSimulator
		Debug|x64 = Debug|x64
		Debug|x86 = Debug|x86
		Release|Any CPU = Release|Any CPU
		Release|ARM = Release|ARM
		Release|iPhone = Release|iPhone
		Release|iPhoneSimulator = Release|iPhoneSimulator
		Release|x64 = Release|x64
		Release|x86 = Release|x86
	EndGlobalSection
	GlobalSection(ProjectConfigurationPlatforms) = postSolution
		{51B4EC72-0E6D-420A-8157-B9C0FD883F61}.Ad-Hoc|Any CPU.ActiveCfg = Release|Any CPU
		{51B4EC72-0E6D-420A-8157-B9C0FD883F61}.Ad-Hoc|Any CPU.Build.0 = Release|Any CPU
		{51B4EC72-0E6D-420A-8157-B9C0FD883F61}.Ad-Hoc|ARM.ActiveCfg = Release|Any CPU
		{51B4EC72-0E6D-420A-8157-B9C0FD883F61}.Ad-Hoc|ARM.Build.0 = Release|Any CPU
		{51B4EC72-0E6D-420A-8157-B9C0FD883F61}.Ad-Hoc|iPhone.ActiveCfg = Release|Any CPU
		{51B4EC72-0E6D-420A-8157-B9C0FD883F61}.Ad-Hoc|iPhone.Build.0 = Release|Any CPU
		{51B4EC72-0E6D-420A-8157-B9C0FD883F61}.Ad-Hoc|iPhoneSimulator.ActiveCfg = Release|Any CPU
		{51B4EC72-0E6D-420A-8157-B9C0FD883F61}.Ad-Hoc|iPhoneSimulator.Build.0 = Release|Any CPU
		{51B4EC72-0E6D-420A-8157-B9C0FD883F61}.Ad-Hoc|x64.ActiveCfg = Release|Any CPU
		{51B4EC72-0E6D-420A-8157-B9C0FD883F61}.Ad-Hoc|x64.Build.0 = Release|Any CPU
		{51B4EC72-0E6D-420A-8157-B9C0FD883F61}.Ad-Hoc|x86.ActiveCfg = Release|Any CPU
		{51B4EC72-0E6D-420A-8157-B9C0FD883F61}.Ad-Hoc|x86.Build.0 = Release|Any CPU
		{51B4EC72-0E6D-420A-8157-B9C0FD883F61}.AppStore|Any CPU.ActiveCfg = Release|Any CPU
		{51B4EC72-0E6D-420A-8157-B9C0FD883F61}.AppStore|Any CPU.Build.0 = Release|Any CPU
		{51B4EC72-0E6D-420A-8157-B9C0FD883F61}.AppStore|ARM.ActiveCfg = Release|Any CPU
		{51B4EC72-0E6D-420A-8157-B9C0FD883F61}.AppStore|ARM.Build.0 = Release|Any CPU
		{51B4EC72-0E6D-420A-8157-B9C0FD883F61}.AppStore|iPhone.ActiveCfg = Release|Any CPU
		{51B4EC72-0E6D-420A-8157-B9C0FD883F61}.AppStore|iPhone.Build.0 = Release|Any CPU
		{51B4EC72-0E6D-420A-8157-B9C0FD883F61}.AppStore|iPhoneSimulator.ActiveCfg = Release|Any CPU
		{51B4EC72-0E6D-420A-8157-B9C0FD883F61}.AppStore|iPhoneSimulator.Build.0 = Release|Any CPU
		{51B4EC72-0E6D-420A-8157-B9C0FD883F61}.AppStore|x64.ActiveCfg = Release|Any CPU
		{51B4EC72-0E6D-420A-8157-B9C0FD883F61}.AppStore|x64.Build.0 = Release|Any CPU
		{51B4EC72-0E6D-420A-8157-B9C0FD883F61}.AppStore|x86.ActiveCfg = Release|Any CPU
		{51B4EC72-0E6D-420A-8157-B9C0FD883F61}.AppStore|x86.Build.0 = Release|Any CPU
		{51B4EC72-0E6D-420A-8157-B9C0FD883F61}.Debug|Any CPU.ActiveCfg = Debug|Any CPU
		{51B4EC72-0E6D-420A-8157-B9C0FD883F61}.Debug|Any CPU.Build.0 = Debug|Any CPU
		{51B4EC72-0E6D-420A-8157-B9C0FD883F61}.Debug|ARM.ActiveCfg = Debug|Any CPU
		{51B4EC72-0E6D-420A-8157-B9C0FD883F61}.Debug|ARM.Build.0 = Debug|Any CPU
		{51B4EC72-0E6D-420A-8157-B9C0FD883F61}.Debug|iPhone.ActiveCfg = Debug|Any CPU
		{51B4EC72-0E6D-420A-8157-B9C0FD883F61}.Debug|iPhone.Build.0 = Debug|Any CPU
		{51B4EC72-0E6D-420A-8157-B9C0FD883F61}.Debug|iPhoneSimulator.ActiveCfg = Debug|Any CPU
		{51B4EC72-0E6D-420A-8157-B9C0FD883F61}.Debug|iPhoneSimulator.Build.0 = Debug|Any CPU
		{51B4EC72-0E6D-420A-8157-B9C0FD883F61}.Debug|x64.ActiveCfg = Debug|Any CPU
		{51B4EC72-0E6D-420A-8157-B9C0FD883F61}.Debug|x64.Build.0 = Debug|Any CPU
		{51B4EC72-0E6D-420A-8157-B9C0FD883F61}.Debug|x86.ActiveCfg = Debug|Any CPU
		{51B4EC72-0E6D-420A-8157-B9C0FD883F61}.Debug|x86.Build.0 = Debug|Any CPU
		{51B4EC72-0E6D-420A-8157-B9C0FD883F61}.Release|Any CPU.ActiveCfg = Release|Any CPU
		{51B4EC72-0E6D-420A-8157-B9C0FD883F61}.Release|Any CPU.Build.0 = Release|Any CPU
		{51B4EC72-0E6D-420A-8157-B9C0FD883F61}.Release|ARM.ActiveCfg = Release|Any CPU
		{51B4EC72-0E6D-420A-8157-B9C0FD883F61}.Release|ARM.Build.0 = Release|Any CPU
		{51B4EC72-0E6D-420A-8157-B9C0FD883F61}.Release|iPhone.ActiveCfg = Release|Any CPU
		{51B4EC72-0E6D-420A-8157-B9C0FD883F61}.Release|iPhone.Build.0 = Release|Any CPU
		{51B4EC72-0E6D-420A-8157-B9C0FD883F61}.Release|iPhoneSimulator.ActiveCfg = Release|Any CPU
		{51B4EC72-0E6D-420A-8157-B9C0FD883F61}.Release|iPhoneSimulator.Build.0 = Release|Any CPU
		{51B4EC72-0E6D-420A-8157-B9C0FD883F61}.Release|x64.ActiveCfg = Release|Any CPU
		{51B4EC72-0E6D-420A-8157-B9C0FD883F61}.Release|x64.Build.0 = Release|Any CPU
		{51B4EC72-0E6D-420A-8157-B9C0FD883F61}.Release|x86.ActiveCfg = Release|Any CPU
		{51B4EC72-0E6D-420A-8157-B9C0FD883F61}.Release|x86.Build.0 = Release|Any CPU
		{4EB6C224-A6C4-4E0C-A95A-C458D3CA881F}.Ad-Hoc|Any CPU.ActiveCfg = Release|Any CPU
		{4EB6C224-A6C4-4E0C-A95A-C458D3CA881F}.Ad-Hoc|Any CPU.Build.0 = Release|Any CPU
		{4EB6C224-A6C4-4E0C-A95A-C458D3CA881F}.Ad-Hoc|Any CPU.Deploy.0 = Release|Any CPU
		{4EB6C224-A6C4-4E0C-A95A-C458D3CA881F}.Ad-Hoc|ARM.ActiveCfg = Release|Any CPU
		{4EB6C224-A6C4-4E0C-A95A-C458D3CA881F}.Ad-Hoc|ARM.Build.0 = Release|Any CPU
		{4EB6C224-A6C4-4E0C-A95A-C458D3CA881F}.Ad-Hoc|ARM.Deploy.0 = Release|Any CPU
		{4EB6C224-A6C4-4E0C-A95A-C458D3CA881F}.Ad-Hoc|iPhone.ActiveCfg = Release|Any CPU
		{4EB6C224-A6C4-4E0C-A95A-C458D3CA881F}.Ad-Hoc|iPhone.Build.0 = Release|Any CPU
		{4EB6C224-A6C4-4E0C-A95A-C458D3CA881F}.Ad-Hoc|iPhone.Deploy.0 = Release|Any CPU
		{4EB6C224-A6C4-4E0C-A95A-C458D3CA881F}.Ad-Hoc|iPhoneSimulator.ActiveCfg = Release|Any CPU
		{4EB6C224-A6C4-4E0C-A95A-C458D3CA881F}.Ad-Hoc|iPhoneSimulator.Build.0 = Release|Any CPU
		{4EB6C224-A6C4-4E0C-A95A-C458D3CA881F}.Ad-Hoc|iPhoneSimulator.Deploy.0 = Release|Any CPU
		{4EB6C224-A6C4-4E0C-A95A-C458D3CA881F}.Ad-Hoc|x64.ActiveCfg = Release|Any CPU
		{4EB6C224-A6C4-4E0C-A95A-C458D3CA881F}.Ad-Hoc|x64.Build.0 = Release|Any CPU
		{4EB6C224-A6C4-4E0C-A95A-C458D3CA881F}.Ad-Hoc|x64.Deploy.0 = Release|Any CPU
		{4EB6C224-A6C4-4E0C-A95A-C458D3CA881F}.Ad-Hoc|x86.ActiveCfg = Release|Any CPU
		{4EB6C224-A6C4-4E0C-A95A-C458D3CA881F}.Ad-Hoc|x86.Build.0 = Release|Any CPU
		{4EB6C224-A6C4-4E0C-A95A-C458D3CA881F}.Ad-Hoc|x86.Deploy.0 = Release|Any CPU
		{4EB6C224-A6C4-4E0C-A95A-C458D3CA881F}.AppStore|Any CPU.ActiveCfg = Release|Any CPU
		{4EB6C224-A6C4-4E0C-A95A-C458D3CA881F}.AppStore|Any CPU.Build.0 = Release|Any CPU
		{4EB6C224-A6C4-4E0C-A95A-C458D3CA881F}.AppStore|Any CPU.Deploy.0 = Release|Any CPU
		{4EB6C224-A6C4-4E0C-A95A-C458D3CA881F}.AppStore|ARM.ActiveCfg = Release|Any CPU
		{4EB6C224-A6C4-4E0C-A95A-C458D3CA881F}.AppStore|ARM.Build.0 = Release|Any CPU
		{4EB6C224-A6C4-4E0C-A95A-C458D3CA881F}.AppStore|ARM.Deploy.0 = Release|Any CPU
		{4EB6C224-A6C4-4E0C-A95A-C458D3CA881F}.AppStore|iPhone.ActiveCfg = Release|Any CPU
		{4EB6C224-A6C4-4E0C-A95A-C458D3CA881F}.AppStore|iPhone.Build.0 = Release|Any CPU
		{4EB6C224-A6C4-4E0C-A95A-C458D3CA881F}.AppStore|iPhone.Deploy.0 = Release|Any CPU
		{4EB6C224-A6C4-4E0C-A95A-C458D3CA881F}.AppStore|iPhoneSimulator.ActiveCfg = Release|Any CPU
		{4EB6C224-A6C4-4E0C-A95A-C458D3CA881F}.AppStore|iPhoneSimulator.Build.0 = Release|Any CPU
		{4EB6C224-A6C4-4E0C-A95A-C458D3CA881F}.AppStore|iPhoneSimulator.Deploy.0 = Release|Any CPU
		{4EB6C224-A6C4-4E0C-A95A-C458D3CA881F}.AppStore|x64.ActiveCfg = Release|Any CPU
		{4EB6C224-A6C4-4E0C-A95A-C458D3CA881F}.AppStore|x64.Build.0 = Release|Any CPU
		{4EB6C224-A6C4-4E0C-A95A-C458D3CA881F}.AppStore|x64.Deploy.0 = Release|Any CPU
		{4EB6C224-A6C4-4E0C-A95A-C458D3CA881F}.AppStore|x86.ActiveCfg = Release|Any CPU
		{4EB6C224-A6C4-4E0C-A95A-C458D3CA881F}.AppStore|x86.Build.0 = Release|Any CPU
		{4EB6C224-A6C4-4E0C-A95A-C458D3CA881F}.AppStore|x86.Deploy.0 = Release|Any CPU
		{4EB6C224-A6C4-4E0C-A95A-C458D3CA881F}.Debug|Any CPU.ActiveCfg = Debug|Any CPU
		{4EB6C224-A6C4-4E0C-A95A-C458D3CA881F}.Debug|Any CPU.Build.0 = Debug|Any CPU
		{4EB6C224-A6C4-4E0C-A95A-C458D3CA881F}.Debug|Any CPU.Deploy.0 = Debug|Any CPU
		{4EB6C224-A6C4-4E0C-A95A-C458D3CA881F}.Debug|ARM.ActiveCfg = Debug|Any CPU
		{4EB6C224-A6C4-4E0C-A95A-C458D3CA881F}.Debug|ARM.Build.0 = Debug|Any CPU
		{4EB6C224-A6C4-4E0C-A95A-C458D3CA881F}.Debug|ARM.Deploy.0 = Debug|Any CPU
		{4EB6C224-A6C4-4E0C-A95A-C458D3CA881F}.Debug|iPhone.ActiveCfg = Debug|Any CPU
		{4EB6C224-A6C4-4E0C-A95A-C458D3CA881F}.Debug|iPhone.Build.0 = Debug|Any CPU
		{4EB6C224-A6C4-4E0C-A95A-C458D3CA881F}.Debug|iPhone.Deploy.0 = Debug|Any CPU
		{4EB6C224-A6C4-4E0C-A95A-C458D3CA881F}.Debug|iPhoneSimulator.ActiveCfg = Debug|Any CPU
		{4EB6C224-A6C4-4E0C-A95A-C458D3CA881F}.Debug|iPhoneSimulator.Build.0 = Debug|Any CPU
		{4EB6C224-A6C4-4E0C-A95A-C458D3CA881F}.Debug|iPhoneSimulator.Deploy.0 = Debug|Any CPU
		{4EB6C224-A6C4-4E0C-A95A-C458D3CA881F}.Debug|x64.ActiveCfg = Debug|Any CPU
		{4EB6C224-A6C4-4E0C-A95A-C458D3CA881F}.Debug|x64.Build.0 = Debug|Any CPU
		{4EB6C224-A6C4-4E0C-A95A-C458D3CA881F}.Debug|x64.Deploy.0 = Debug|Any CPU
		{4EB6C224-A6C4-4E0C-A95A-C458D3CA881F}.Debug|x86.ActiveCfg = Debug|Any CPU
		{4EB6C224-A6C4-4E0C-A95A-C458D3CA881F}.Debug|x86.Build.0 = Debug|Any CPU
		{4EB6C224-A6C4-4E0C-A95A-C458D3CA881F}.Debug|x86.Deploy.0 = Debug|Any CPU
		{4EB6C224-A6C4-4E0C-A95A-C458D3CA881F}.Release|Any CPU.ActiveCfg = Release|Any CPU
		{4EB6C224-A6C4-4E0C-A95A-C458D3CA881F}.Release|Any CPU.Build.0 = Release|Any CPU
		{4EB6C224-A6C4-4E0C-A95A-C458D3CA881F}.Release|Any CPU.Deploy.0 = Release|Any CPU
		{4EB6C224-A6C4-4E0C-A95A-C458D3CA881F}.Release|ARM.ActiveCfg = Release|Any CPU
		{4EB6C224-A6C4-4E0C-A95A-C458D3CA881F}.Release|ARM.Build.0 = Release|Any CPU
		{4EB6C224-A6C4-4E0C-A95A-C458D3CA881F}.Release|ARM.Deploy.0 = Release|Any CPU
		{4EB6C224-A6C4-4E0C-A95A-C458D3CA881F}.Release|iPhone.ActiveCfg = Release|Any CPU
		{4EB6C224-A6C4-4E0C-A95A-C458D3CA881F}.Release|iPhone.Build.0 = Release|Any CPU
		{4EB6C224-A6C4-4E0C-A95A-C458D3CA881F}.Release|iPhone.Deploy.0 = Release|Any CPU
		{4EB6C224-A6C4-4E0C-A95A-C458D3CA881F}.Release|iPhoneSimulator.ActiveCfg = Release|Any CPU
		{4EB6C224-A6C4-4E0C-A95A-C458D3CA881F}.Release|iPhoneSimulator.Build.0 = Release|Any CPU
		{4EB6C224-A6C4-4E0C-A95A-C458D3CA881F}.Release|iPhoneSimulator.Deploy.0 = Release|Any CPU
		{4EB6C224-A6C4-4E0C-A95A-C458D3CA881F}.Release|x64.ActiveCfg = Release|Any CPU
		{4EB6C224-A6C4-4E0C-A95A-C458D3CA881F}.Release|x64.Build.0 = Release|Any CPU
		{4EB6C224-A6C4-4E0C-A95A-C458D3CA881F}.Release|x64.Deploy.0 = Release|Any CPU
		{4EB6C224-A6C4-4E0C-A95A-C458D3CA881F}.Release|x86.ActiveCfg = Release|Any CPU
		{4EB6C224-A6C4-4E0C-A95A-C458D3CA881F}.Release|x86.Build.0 = Release|Any CPU
		{4EB6C224-A6C4-4E0C-A95A-C458D3CA881F}.Release|x86.Deploy.0 = Release|Any CPU
		{774B568B-E3C4-40B4-BC59-3CBC9057B7B5}.Ad-Hoc|Any CPU.ActiveCfg = Ad-Hoc|iPhone
		{774B568B-E3C4-40B4-BC59-3CBC9057B7B5}.Ad-Hoc|ARM.ActiveCfg = Ad-Hoc|iPhone
		{774B568B-E3C4-40B4-BC59-3CBC9057B7B5}.Ad-Hoc|iPhone.ActiveCfg = Ad-Hoc|iPhone
		{774B568B-E3C4-40B4-BC59-3CBC9057B7B5}.Ad-Hoc|iPhone.Build.0 = Ad-Hoc|iPhone
		{774B568B-E3C4-40B4-BC59-3CBC9057B7B5}.Ad-Hoc|iPhoneSimulator.ActiveCfg = Ad-Hoc|iPhoneSimulator
		{774B568B-E3C4-40B4-BC59-3CBC9057B7B5}.Ad-Hoc|iPhoneSimulator.Build.0 = Ad-Hoc|iPhoneSimulator
		{774B568B-E3C4-40B4-BC59-3CBC9057B7B5}.Ad-Hoc|x64.ActiveCfg = Ad-Hoc|iPhone
		{774B568B-E3C4-40B4-BC59-3CBC9057B7B5}.Ad-Hoc|x86.ActiveCfg = Ad-Hoc|iPhone
		{774B568B-E3C4-40B4-BC59-3CBC9057B7B5}.AppStore|Any CPU.ActiveCfg = AppStore|iPhone
		{774B568B-E3C4-40B4-BC59-3CBC9057B7B5}.AppStore|ARM.ActiveCfg = AppStore|iPhone
		{774B568B-E3C4-40B4-BC59-3CBC9057B7B5}.AppStore|iPhone.ActiveCfg = AppStore|iPhone
		{774B568B-E3C4-40B4-BC59-3CBC9057B7B5}.AppStore|iPhone.Build.0 = AppStore|iPhone
		{774B568B-E3C4-40B4-BC59-3CBC9057B7B5}.AppStore|iPhoneSimulator.ActiveCfg = AppStore|iPhoneSimulator
		{774B568B-E3C4-40B4-BC59-3CBC9057B7B5}.AppStore|iPhoneSimulator.Build.0 = AppStore|iPhoneSimulator
		{774B568B-E3C4-40B4-BC59-3CBC9057B7B5}.AppStore|x64.ActiveCfg = AppStore|iPhone
		{774B568B-E3C4-40B4-BC59-3CBC9057B7B5}.AppStore|x86.ActiveCfg = AppStore|iPhone
		{774B568B-E3C4-40B4-BC59-3CBC9057B7B5}.Debug|Any CPU.ActiveCfg = Debug|iPhone
		{774B568B-E3C4-40B4-BC59-3CBC9057B7B5}.Debug|ARM.ActiveCfg = Debug|iPhone
		{774B568B-E3C4-40B4-BC59-3CBC9057B7B5}.Debug|iPhone.ActiveCfg = Debug|iPhone
		{774B568B-E3C4-40B4-BC59-3CBC9057B7B5}.Debug|iPhone.Build.0 = Debug|iPhone
		{774B568B-E3C4-40B4-BC59-3CBC9057B7B5}.Debug|iPhoneSimulator.ActiveCfg = Debug|iPhoneSimulator
		{774B568B-E3C4-40B4-BC59-3CBC9057B7B5}.Debug|iPhoneSimulator.Build.0 = Debug|iPhoneSimulator
		{774B568B-E3C4-40B4-BC59-3CBC9057B7B5}.Debug|x64.ActiveCfg = Debug|iPhone
		{774B568B-E3C4-40B4-BC59-3CBC9057B7B5}.Debug|x86.ActiveCfg = Debug|iPhone
		{774B568B-E3C4-40B4-BC59-3CBC9057B7B5}.Release|Any CPU.ActiveCfg = Release|iPhone
		{774B568B-E3C4-40B4-BC59-3CBC9057B7B5}.Release|ARM.ActiveCfg = Release|iPhone
		{774B568B-E3C4-40B4-BC59-3CBC9057B7B5}.Release|iPhone.ActiveCfg = Release|iPhone
		{774B568B-E3C4-40B4-BC59-3CBC9057B7B5}.Release|iPhone.Build.0 = Release|iPhone
		{774B568B-E3C4-40B4-BC59-3CBC9057B7B5}.Release|iPhoneSimulator.ActiveCfg = Release|iPhoneSimulator
		{774B568B-E3C4-40B4-BC59-3CBC9057B7B5}.Release|iPhoneSimulator.Build.0 = Release|iPhoneSimulator
		{774B568B-E3C4-40B4-BC59-3CBC9057B7B5}.Release|x64.ActiveCfg = Release|iPhone
		{774B568B-E3C4-40B4-BC59-3CBC9057B7B5}.Release|x86.ActiveCfg = Release|iPhone
		{B1532D12-8985-48A8-84D5-DBDDF34910CE}.Ad-Hoc|Any CPU.ActiveCfg = Release|Any CPU
		{B1532D12-8985-48A8-84D5-DBDDF34910CE}.Ad-Hoc|Any CPU.Build.0 = Release|Any CPU
		{B1532D12-8985-48A8-84D5-DBDDF34910CE}.Ad-Hoc|Any CPU.Deploy.0 = Release|Any CPU
		{B1532D12-8985-48A8-84D5-DBDDF34910CE}.Ad-Hoc|ARM.ActiveCfg = Release|ARM
		{B1532D12-8985-48A8-84D5-DBDDF34910CE}.Ad-Hoc|ARM.Build.0 = Release|ARM
		{B1532D12-8985-48A8-84D5-DBDDF34910CE}.Ad-Hoc|ARM.Deploy.0 = Release|ARM
		{B1532D12-8985-48A8-84D5-DBDDF34910CE}.Ad-Hoc|iPhone.ActiveCfg = Release|Any CPU
		{B1532D12-8985-48A8-84D5-DBDDF34910CE}.Ad-Hoc|iPhone.Build.0 = Release|Any CPU
		{B1532D12-8985-48A8-84D5-DBDDF34910CE}.Ad-Hoc|iPhone.Deploy.0 = Release|Any CPU
		{B1532D12-8985-48A8-84D5-DBDDF34910CE}.Ad-Hoc|iPhoneSimulator.ActiveCfg = Release|Any CPU
		{B1532D12-8985-48A8-84D5-DBDDF34910CE}.Ad-Hoc|iPhoneSimulator.Build.0 = Release|Any CPU
		{B1532D12-8985-48A8-84D5-DBDDF34910CE}.Ad-Hoc|iPhoneSimulator.Deploy.0 = Release|Any CPU
		{B1532D12-8985-48A8-84D5-DBDDF34910CE}.Ad-Hoc|x64.ActiveCfg = Release|Any CPU
		{B1532D12-8985-48A8-84D5-DBDDF34910CE}.Ad-Hoc|x64.Build.0 = Release|Any CPU
		{B1532D12-8985-48A8-84D5-DBDDF34910CE}.Ad-Hoc|x64.Deploy.0 = Release|Any CPU
		{B1532D12-8985-48A8-84D5-DBDDF34910CE}.Ad-Hoc|x86.ActiveCfg = Release|x86
		{B1532D12-8985-48A8-84D5-DBDDF34910CE}.Ad-Hoc|x86.Build.0 = Release|x86
		{B1532D12-8985-48A8-84D5-DBDDF34910CE}.Ad-Hoc|x86.Deploy.0 = Release|x86
		{B1532D12-8985-48A8-84D5-DBDDF34910CE}.AppStore|Any CPU.ActiveCfg = Release|Any CPU
		{B1532D12-8985-48A8-84D5-DBDDF34910CE}.AppStore|Any CPU.Build.0 = Release|Any CPU
		{B1532D12-8985-48A8-84D5-DBDDF34910CE}.AppStore|Any CPU.Deploy.0 = Release|Any CPU
		{B1532D12-8985-48A8-84D5-DBDDF34910CE}.AppStore|ARM.ActiveCfg = Release|ARM
		{B1532D12-8985-48A8-84D5-DBDDF34910CE}.AppStore|ARM.Build.0 = Release|ARM
		{B1532D12-8985-48A8-84D5-DBDDF34910CE}.AppStore|ARM.Deploy.0 = Release|ARM
		{B1532D12-8985-48A8-84D5-DBDDF34910CE}.AppStore|iPhone.ActiveCfg = Release|Any CPU
		{B1532D12-8985-48A8-84D5-DBDDF34910CE}.AppStore|iPhone.Build.0 = Release|Any CPU
		{B1532D12-8985-48A8-84D5-DBDDF34910CE}.AppStore|iPhone.Deploy.0 = Release|Any CPU
		{B1532D12-8985-48A8-84D5-DBDDF34910CE}.AppStore|iPhoneSimulator.ActiveCfg = Release|Any CPU
		{B1532D12-8985-48A8-84D5-DBDDF34910CE}.AppStore|iPhoneSimulator.Build.0 = Release|Any CPU
		{B1532D12-8985-48A8-84D5-DBDDF34910CE}.AppStore|iPhoneSimulator.Deploy.0 = Release|Any CPU
		{B1532D12-8985-48A8-84D5-DBDDF34910CE}.AppStore|x64.ActiveCfg = Release|Any CPU
		{B1532D12-8985-48A8-84D5-DBDDF34910CE}.AppStore|x64.Build.0 = Release|Any CPU
		{B1532D12-8985-48A8-84D5-DBDDF34910CE}.AppStore|x64.Deploy.0 = Release|Any CPU
		{B1532D12-8985-48A8-84D5-DBDDF34910CE}.AppStore|x86.ActiveCfg = Release|x86
		{B1532D12-8985-48A8-84D5-DBDDF34910CE}.AppStore|x86.Build.0 = Release|x86
		{B1532D12-8985-48A8-84D5-DBDDF34910CE}.AppStore|x86.Deploy.0 = Release|x86
		{B1532D12-8985-48A8-84D5-DBDDF34910CE}.Debug|Any CPU.ActiveCfg = Debug|Any CPU
		{B1532D12-8985-48A8-84D5-DBDDF34910CE}.Debug|Any CPU.Build.0 = Debug|Any CPU
		{B1532D12-8985-48A8-84D5-DBDDF34910CE}.Debug|Any CPU.Deploy.0 = Debug|Any CPU
		{B1532D12-8985-48A8-84D5-DBDDF34910CE}.Debug|ARM.ActiveCfg = Debug|ARM
		{B1532D12-8985-48A8-84D5-DBDDF34910CE}.Debug|ARM.Build.0 = Debug|ARM
		{B1532D12-8985-48A8-84D5-DBDDF34910CE}.Debug|ARM.Deploy.0 = Debug|ARM
		{B1532D12-8985-48A8-84D5-DBDDF34910CE}.Debug|iPhone.ActiveCfg = Debug|Any CPU
		{B1532D12-8985-48A8-84D5-DBDDF34910CE}.Debug|iPhone.Build.0 = Debug|Any CPU
		{B1532D12-8985-48A8-84D5-DBDDF34910CE}.Debug|iPhone.Deploy.0 = Debug|Any CPU
		{B1532D12-8985-48A8-84D5-DBDDF34910CE}.Debug|iPhoneSimulator.ActiveCfg = Debug|Any CPU
		{B1532D12-8985-48A8-84D5-DBDDF34910CE}.Debug|iPhoneSimulator.Build.0 = Debug|Any CPU
		{B1532D12-8985-48A8-84D5-DBDDF34910CE}.Debug|iPhoneSimulator.Deploy.0 = Debug|Any CPU
		{B1532D12-8985-48A8-84D5-DBDDF34910CE}.Debug|x64.ActiveCfg = Debug|Any CPU
		{B1532D12-8985-48A8-84D5-DBDDF34910CE}.Debug|x64.Build.0 = Debug|Any CPU
		{B1532D12-8985-48A8-84D5-DBDDF34910CE}.Debug|x64.Deploy.0 = Debug|Any CPU
		{B1532D12-8985-48A8-84D5-DBDDF34910CE}.Debug|x86.ActiveCfg = Debug|x86
		{B1532D12-8985-48A8-84D5-DBDDF34910CE}.Debug|x86.Build.0 = Debug|x86
		{B1532D12-8985-48A8-84D5-DBDDF34910CE}.Debug|x86.Deploy.0 = Debug|x86
		{B1532D12-8985-48A8-84D5-DBDDF34910CE}.Release|Any CPU.ActiveCfg = Release|Any CPU
		{B1532D12-8985-48A8-84D5-DBDDF34910CE}.Release|Any CPU.Build.0 = Release|Any CPU
		{B1532D12-8985-48A8-84D5-DBDDF34910CE}.Release|Any CPU.Deploy.0 = Release|Any CPU
		{B1532D12-8985-48A8-84D5-DBDDF34910CE}.Release|ARM.ActiveCfg = Release|ARM
		{B1532D12-8985-48A8-84D5-DBDDF34910CE}.Release|ARM.Build.0 = Release|ARM
		{B1532D12-8985-48A8-84D5-DBDDF34910CE}.Release|ARM.Deploy.0 = Release|ARM
		{B1532D12-8985-48A8-84D5-DBDDF34910CE}.Release|iPhone.ActiveCfg = Release|Any CPU
		{B1532D12-8985-48A8-84D5-DBDDF34910CE}.Release|iPhone.Build.0 = Release|Any CPU
		{B1532D12-8985-48A8-84D5-DBDDF34910CE}.Release|iPhone.Deploy.0 = Release|Any CPU
		{B1532D12-8985-48A8-84D5-DBDDF34910CE}.Release|iPhoneSimulator.ActiveCfg = Release|Any CPU
		{B1532D12-8985-48A8-84D5-DBDDF34910CE}.Release|iPhoneSimulator.Build.0 = Release|Any CPU
		{B1532D12-8985-48A8-84D5-DBDDF34910CE}.Release|iPhoneSimulator.Deploy.0 = Release|Any CPU
		{B1532D12-8985-48A8-84D5-DBDDF34910CE}.Release|x64.ActiveCfg = Release|Any CPU
		{B1532D12-8985-48A8-84D5-DBDDF34910CE}.Release|x64.Build.0 = Release|Any CPU
		{B1532D12-8985-48A8-84D5-DBDDF34910CE}.Release|x64.Deploy.0 = Release|Any CPU
		{B1532D12-8985-48A8-84D5-DBDDF34910CE}.Release|x86.ActiveCfg = Release|x86
		{B1532D12-8985-48A8-84D5-DBDDF34910CE}.Release|x86.Build.0 = Release|x86
		{B1532D12-8985-48A8-84D5-DBDDF34910CE}.Release|x86.Deploy.0 = Release|x86
		{73EEE2C5-7B82-413D-8CB8-EC776A6A33F2}.Ad-Hoc|Any CPU.ActiveCfg = Release|Any CPU
		{73EEE2C5-7B82-413D-8CB8-EC776A6A33F2}.Ad-Hoc|Any CPU.Build.0 = Release|Any CPU
		{73EEE2C5-7B82-413D-8CB8-EC776A6A33F2}.Ad-Hoc|Any CPU.Deploy.0 = Release|Any CPU
		{73EEE2C5-7B82-413D-8CB8-EC776A6A33F2}.Ad-Hoc|ARM.ActiveCfg = Release|ARM
		{73EEE2C5-7B82-413D-8CB8-EC776A6A33F2}.Ad-Hoc|ARM.Build.0 = Release|ARM
		{73EEE2C5-7B82-413D-8CB8-EC776A6A33F2}.Ad-Hoc|ARM.Deploy.0 = Release|ARM
		{73EEE2C5-7B82-413D-8CB8-EC776A6A33F2}.Ad-Hoc|iPhone.ActiveCfg = Release|Any CPU
		{73EEE2C5-7B82-413D-8CB8-EC776A6A33F2}.Ad-Hoc|iPhone.Build.0 = Release|Any CPU
		{73EEE2C5-7B82-413D-8CB8-EC776A6A33F2}.Ad-Hoc|iPhone.Deploy.0 = Release|Any CPU
		{73EEE2C5-7B82-413D-8CB8-EC776A6A33F2}.Ad-Hoc|iPhoneSimulator.ActiveCfg = Release|Any CPU
		{73EEE2C5-7B82-413D-8CB8-EC776A6A33F2}.Ad-Hoc|iPhoneSimulator.Build.0 = Release|Any CPU
		{73EEE2C5-7B82-413D-8CB8-EC776A6A33F2}.Ad-Hoc|iPhoneSimulator.Deploy.0 = Release|Any CPU
		{73EEE2C5-7B82-413D-8CB8-EC776A6A33F2}.Ad-Hoc|x64.ActiveCfg = Release|x64
		{73EEE2C5-7B82-413D-8CB8-EC776A6A33F2}.Ad-Hoc|x64.Build.0 = Release|x64
		{73EEE2C5-7B82-413D-8CB8-EC776A6A33F2}.Ad-Hoc|x64.Deploy.0 = Release|x64
		{73EEE2C5-7B82-413D-8CB8-EC776A6A33F2}.Ad-Hoc|x86.ActiveCfg = Release|x86
		{73EEE2C5-7B82-413D-8CB8-EC776A6A33F2}.Ad-Hoc|x86.Build.0 = Release|x86
		{73EEE2C5-7B82-413D-8CB8-EC776A6A33F2}.Ad-Hoc|x86.Deploy.0 = Release|x86
		{73EEE2C5-7B82-413D-8CB8-EC776A6A33F2}.AppStore|Any CPU.ActiveCfg = Release|Any CPU
		{73EEE2C5-7B82-413D-8CB8-EC776A6A33F2}.AppStore|Any CPU.Build.0 = Release|Any CPU
		{73EEE2C5-7B82-413D-8CB8-EC776A6A33F2}.AppStore|Any CPU.Deploy.0 = Release|Any CPU
		{73EEE2C5-7B82-413D-8CB8-EC776A6A33F2}.AppStore|ARM.ActiveCfg = Release|ARM
		{73EEE2C5-7B82-413D-8CB8-EC776A6A33F2}.AppStore|ARM.Build.0 = Release|ARM
		{73EEE2C5-7B82-413D-8CB8-EC776A6A33F2}.AppStore|ARM.Deploy.0 = Release|ARM
		{73EEE2C5-7B82-413D-8CB8-EC776A6A33F2}.AppStore|iPhone.ActiveCfg = Release|Any CPU
		{73EEE2C5-7B82-413D-8CB8-EC776A6A33F2}.AppStore|iPhone.Build.0 = Release|Any CPU
		{73EEE2C5-7B82-413D-8CB8-EC776A6A33F2}.AppStore|iPhone.Deploy.0 = Release|Any CPU
		{73EEE2C5-7B82-413D-8CB8-EC776A6A33F2}.AppStore|iPhoneSimulator.ActiveCfg = Release|Any CPU
		{73EEE2C5-7B82-413D-8CB8-EC776A6A33F2}.AppStore|iPhoneSimulator.Build.0 = Release|Any CPU
		{73EEE2C5-7B82-413D-8CB8-EC776A6A33F2}.AppStore|iPhoneSimulator.Deploy.0 = Release|Any CPU
		{73EEE2C5-7B82-413D-8CB8-EC776A6A33F2}.AppStore|x64.ActiveCfg = Release|x64
		{73EEE2C5-7B82-413D-8CB8-EC776A6A33F2}.AppStore|x64.Build.0 = Release|x64
		{73EEE2C5-7B82-413D-8CB8-EC776A6A33F2}.AppStore|x64.Deploy.0 = Release|x64
		{73EEE2C5-7B82-413D-8CB8-EC776A6A33F2}.AppStore|x86.ActiveCfg = Release|x86
		{73EEE2C5-7B82-413D-8CB8-EC776A6A33F2}.AppStore|x86.Build.0 = Release|x86
		{73EEE2C5-7B82-413D-8CB8-EC776A6A33F2}.AppStore|x86.Deploy.0 = Release|x86
		{73EEE2C5-7B82-413D-8CB8-EC776A6A33F2}.Debug|Any CPU.ActiveCfg = Debug|Any CPU
		{73EEE2C5-7B82-413D-8CB8-EC776A6A33F2}.Debug|Any CPU.Build.0 = Debug|Any CPU
		{73EEE2C5-7B82-413D-8CB8-EC776A6A33F2}.Debug|Any CPU.Deploy.0 = Debug|Any CPU
		{73EEE2C5-7B82-413D-8CB8-EC776A6A33F2}.Debug|ARM.ActiveCfg = Debug|ARM
		{73EEE2C5-7B82-413D-8CB8-EC776A6A33F2}.Debug|ARM.Build.0 = Debug|ARM
		{73EEE2C5-7B82-413D-8CB8-EC776A6A33F2}.Debug|ARM.Deploy.0 = Debug|ARM
		{73EEE2C5-7B82-413D-8CB8-EC776A6A33F2}.Debug|iPhone.ActiveCfg = Debug|Any CPU
		{73EEE2C5-7B82-413D-8CB8-EC776A6A33F2}.Debug|iPhone.Build.0 = Debug|Any CPU
		{73EEE2C5-7B82-413D-8CB8-EC776A6A33F2}.Debug|iPhone.Deploy.0 = Debug|Any CPU
		{73EEE2C5-7B82-413D-8CB8-EC776A6A33F2}.Debug|iPhoneSimulator.ActiveCfg = Debug|Any CPU
		{73EEE2C5-7B82-413D-8CB8-EC776A6A33F2}.Debug|iPhoneSimulator.Build.0 = Debug|Any CPU
		{73EEE2C5-7B82-413D-8CB8-EC776A6A33F2}.Debug|iPhoneSimulator.Deploy.0 = Debug|Any CPU
		{73EEE2C5-7B82-413D-8CB8-EC776A6A33F2}.Debug|x64.ActiveCfg = Debug|x64
		{73EEE2C5-7B82-413D-8CB8-EC776A6A33F2}.Debug|x64.Build.0 = Debug|x64
		{73EEE2C5-7B82-413D-8CB8-EC776A6A33F2}.Debug|x64.Deploy.0 = Debug|x64
		{73EEE2C5-7B82-413D-8CB8-EC776A6A33F2}.Debug|x86.ActiveCfg = Debug|x86
		{73EEE2C5-7B82-413D-8CB8-EC776A6A33F2}.Debug|x86.Build.0 = Debug|x86
		{73EEE2C5-7B82-413D-8CB8-EC776A6A33F2}.Debug|x86.Deploy.0 = Debug|x86
		{73EEE2C5-7B82-413D-8CB8-EC776A6A33F2}.Release|Any CPU.ActiveCfg = Release|Any CPU
		{73EEE2C5-7B82-413D-8CB8-EC776A6A33F2}.Release|Any CPU.Build.0 = Release|Any CPU
		{73EEE2C5-7B82-413D-8CB8-EC776A6A33F2}.Release|Any CPU.Deploy.0 = Release|Any CPU
		{73EEE2C5-7B82-413D-8CB8-EC776A6A33F2}.Release|ARM.ActiveCfg = Release|ARM
		{73EEE2C5-7B82-413D-8CB8-EC776A6A33F2}.Release|ARM.Build.0 = Release|ARM
		{73EEE2C5-7B82-413D-8CB8-EC776A6A33F2}.Release|ARM.Deploy.0 = Release|ARM
		{73EEE2C5-7B82-413D-8CB8-EC776A6A33F2}.Release|iPhone.ActiveCfg = Release|Any CPU
		{73EEE2C5-7B82-413D-8CB8-EC776A6A33F2}.Release|iPhone.Build.0 = Release|Any CPU
		{73EEE2C5-7B82-413D-8CB8-EC776A6A33F2}.Release|iPhone.Deploy.0 = Release|Any CPU
		{73EEE2C5-7B82-413D-8CB8-EC776A6A33F2}.Release|iPhoneSimulator.ActiveCfg = Release|Any CPU
		{73EEE2C5-7B82-413D-8CB8-EC776A6A33F2}.Release|iPhoneSimulator.Build.0 = Release|Any CPU
		{73EEE2C5-7B82-413D-8CB8-EC776A6A33F2}.Release|iPhoneSimulator.Deploy.0 = Release|Any CPU
		{73EEE2C5-7B82-413D-8CB8-EC776A6A33F2}.Release|x64.ActiveCfg = Release|x64
		{73EEE2C5-7B82-413D-8CB8-EC776A6A33F2}.Release|x64.Build.0 = Release|x64
		{73EEE2C5-7B82-413D-8CB8-EC776A6A33F2}.Release|x64.Deploy.0 = Release|x64
		{73EEE2C5-7B82-413D-8CB8-EC776A6A33F2}.Release|x86.ActiveCfg = Release|x86
		{73EEE2C5-7B82-413D-8CB8-EC776A6A33F2}.Release|x86.Build.0 = Release|x86
		{73EEE2C5-7B82-413D-8CB8-EC776A6A33F2}.Release|x86.Deploy.0 = Release|x86
	EndGlobalSection
	GlobalSection(SolutionProperties) = preSolution
		HideSolutionNode = FALSE
	EndGlobalSection
EndGlobal
